// !$*UTF8*$!
{
	archiveVersion = 1;
	classes = {
	};
	objectVersion = 51;
	objects = {

/* Begin PBXBuildFile section */
		353AB4452380460B0054EEB8 /* PrivacyCamera.h in Headers */ = {isa = PBXBuildFile; fileRef = 353AB42C238042930054EEB8 /* PrivacyCamera.h */; settings = {ATTRIBUTES = (Public, ); }; };
		353AB446238046150054EEB8 /* PrivacyManager+Camera.swift in Sources */ = {isa = PBXBuildFile; fileRef = 353AB42D238042930054EEB8 /* PrivacyManager+Camera.swift */; };
		353AB45E238131550054EEB8 /* PrivacyPhoto.framework in Frameworks */ = {isa = PBXBuildFile; fileRef = 353AB457238131550054EEB8 /* PrivacyPhoto.framework */; };
		353AB45F238131550054EEB8 /* PrivacyPhoto.framework in Embed Frameworks */ = {isa = PBXBuildFile; fileRef = 353AB457238131550054EEB8 /* PrivacyPhoto.framework */; settings = {ATTRIBUTES = (CodeSignOnCopy, RemoveHeadersOnCopy, ); }; };
		353AB46A238132B70054EEB8 /* PrivacyManager+Microphone.swift in Sources */ = {isa = PBXBuildFile; fileRef = 353AB432238045210054EEB8 /* PrivacyManager+Microphone.swift */; };
		353AB4712381336F0054EEB8 /* PrivacyPhoto.h in Headers */ = {isa = PBXBuildFile; fileRef = 353AB46E2381335D0054EEB8 /* PrivacyPhoto.h */; settings = {ATTRIBUTES = (Public, ); }; };
		353AB472238133740054EEB8 /* PrivacyManager+Photo.swift in Sources */ = {isa = PBXBuildFile; fileRef = 353AB46F2381335D0054EEB8 /* PrivacyManager+Photo.swift */; };
		353AB473238133A30054EEB8 /* PrivacyContact.h in Headers */ = {isa = PBXBuildFile; fileRef = 353AB442238045220054EEB8 /* PrivacyContact.h */; settings = {ATTRIBUTES = (Public, ); }; };
		353AB474238133AA0054EEB8 /* PrivacyManager+Contact.swift in Sources */ = {isa = PBXBuildFile; fileRef = 353AB441238045220054EEB8 /* PrivacyManager+Contact.swift */; };
		353AB475238133CA0054EEB8 /* PrivacyMicrophone.h in Headers */ = {isa = PBXBuildFile; fileRef = 353AB433238045210054EEB8 /* PrivacyMicrophone.h */; settings = {ATTRIBUTES = (Public, ); }; };
		353AB476238134130054EEB8 /* PrivacyManager+Location.swift in Sources */ = {isa = PBXBuildFile; fileRef = 353AB439238045210054EEB8 /* PrivacyManager+Location.swift */; };
		353AB477238134180054EEB8 /* PrivacyLocation.h in Headers */ = {isa = PBXBuildFile; fileRef = 353AB43A238045210054EEB8 /* PrivacyLocation.h */; settings = {ATTRIBUTES = (Public, ); }; };
		353AB478238134910054EEB8 /* CLLocationManager+Rx.swift in Sources */ = {isa = PBXBuildFile; fileRef = 353AB437238045210054EEB8 /* CLLocationManager+Rx.swift */; };
		353AB479238134910054EEB8 /* RxCLLocationManagerDelegateProxy.swift in Sources */ = {isa = PBXBuildFile; fileRef = 353AB438238045210054EEB8 /* RxCLLocationManagerDelegateProxy.swift */; };
		353AB47A2381362E0054EEB8 /* RxCocoa.framework in Frameworks */ = {isa = PBXBuildFile; fileRef = 353AB44F238046780054EEB8 /* RxCocoa.framework */; };
		353AB47C238136310054EEB8 /* RxRelay.framework in Frameworks */ = {isa = PBXBuildFile; fileRef = 353AB44C238046760054EEB8 /* RxRelay.framework */; };
		353AB47E238136350054EEB8 /* RxSwift.framework in Frameworks */ = {isa = PBXBuildFile; fileRef = 353AB449238046700054EEB8 /* RxSwift.framework */; };
		353AB4802381369B0054EEB8 /* PrivacyManager.framework in Frameworks */ = {isa = PBXBuildFile; fileRef = DB85E27B1E9F228500AFAFE3 /* PrivacyManager.framework */; };
		353AB4812381369B0054EEB8 /* PrivacyManager.framework in Embed Frameworks */ = {isa = PBXBuildFile; fileRef = DB85E27B1E9F228500AFAFE3 /* PrivacyManager.framework */; settings = {ATTRIBUTES = (CodeSignOnCopy, RemoveHeadersOnCopy, ); }; };
		354285F02360256500F1056B /* UIViewController+PM.swift in Sources */ = {isa = PBXBuildFile; fileRef = 354285E22360256400F1056B /* UIViewController+PM.swift */; };
		354285F62360256500F1056B /* PrivacyManager.swift in Sources */ = {isa = PBXBuildFile; fileRef = 354285E92360256400F1056B /* PrivacyManager.swift */; };
		354285F82360256500F1056B /* Function.swift in Sources */ = {isa = PBXBuildFile; fileRef = 354285EB2360256400F1056B /* Function.swift */; };
		354285FA2360256500F1056B /* Struct.swift in Sources */ = {isa = PBXBuildFile; fileRef = 354285ED2360256400F1056B /* Struct.swift */; };
		354285FC236029AD00F1056B /* PrivacyManager.h in Headers */ = {isa = PBXBuildFile; fileRef = 354285E12360256400F1056B /* PrivacyManager.h */; settings = {ATTRIBUTES = (Public, ); }; };
		359D22AE2360375000A76483 /* PrivacyManager.framework in Frameworks */ = {isa = PBXBuildFile; fileRef = DB85E27B1E9F228500AFAFE3 /* PrivacyManager.framework */; };
		359D22AF2360375000A76483 /* PrivacyManager.framework in Embed Frameworks */ = {isa = PBXBuildFile; fileRef = DB85E27B1E9F228500AFAFE3 /* PrivacyManager.framework */; settings = {ATTRIBUTES = (CodeSignOnCopy, RemoveHeadersOnCopy, ); }; };
		35DF66962387C9890066325E /* PrivacySpeech.framework in Frameworks */ = {isa = PBXBuildFile; fileRef = 35DF668F2387C9890066325E /* PrivacySpeech.framework */; };
		35DF66972387C9890066325E /* PrivacySpeech.framework in Embed Frameworks */ = {isa = PBXBuildFile; fileRef = 35DF668F2387C9890066325E /* PrivacySpeech.framework */; settings = {ATTRIBUTES = (CodeSignOnCopy, RemoveHeadersOnCopy, ); }; };
		35DF669E2387C9B40066325E /* PrivacySpeech.h in Headers */ = {isa = PBXBuildFile; fileRef = 35DF669C2387C9B40066325E /* PrivacySpeech.h */; settings = {ATTRIBUTES = (Public, ); }; };
		35DF66A02387CA0A0066325E /* PrivacyManager.framework in Frameworks */ = {isa = PBXBuildFile; fileRef = DB85E27B1E9F228500AFAFE3 /* PrivacyManager.framework */; };
		35DF66A12387CA0A0066325E /* PrivacyManager.framework in Embed Frameworks */ = {isa = PBXBuildFile; fileRef = DB85E27B1E9F228500AFAFE3 /* PrivacyManager.framework */; settings = {ATTRIBUTES = (CodeSignOnCopy, RemoveHeadersOnCopy, ); }; };
		35DF66A62387CCE70066325E /* PrivacyManager+Speech.swift in Sources */ = {isa = PBXBuildFile; fileRef = 35DF66A52387CCE70066325E /* PrivacyManager+Speech.swift */; };
		35FA255223801D2800854685 /* PrivacyCamera.framework in Frameworks */ = {isa = PBXBuildFile; fileRef = 35FA254B23801D2800854685 /* PrivacyCamera.framework */; };
		35FA255323801D2800854685 /* PrivacyCamera.framework in Embed Frameworks */ = {isa = PBXBuildFile; fileRef = 35FA254B23801D2800854685 /* PrivacyCamera.framework */; settings = {ATTRIBUTES = (CodeSignOnCopy, RemoveHeadersOnCopy, ); }; };
		35FA256323801D4300854685 /* PrivacyLocation.framework in Frameworks */ = {isa = PBXBuildFile; fileRef = 35FA255C23801D4300854685 /* PrivacyLocation.framework */; };
		35FA256423801D4300854685 /* PrivacyLocation.framework in Embed Frameworks */ = {isa = PBXBuildFile; fileRef = 35FA255C23801D4300854685 /* PrivacyLocation.framework */; settings = {ATTRIBUTES = (CodeSignOnCopy, RemoveHeadersOnCopy, ); }; };
		35FA257423801D7A00854685 /* PrivacyMicrophone.framework in Frameworks */ = {isa = PBXBuildFile; fileRef = 35FA256D23801D7A00854685 /* PrivacyMicrophone.framework */; };
		35FA257523801D7A00854685 /* PrivacyMicrophone.framework in Embed Frameworks */ = {isa = PBXBuildFile; fileRef = 35FA256D23801D7A00854685 /* PrivacyMicrophone.framework */; settings = {ATTRIBUTES = (CodeSignOnCopy, RemoveHeadersOnCopy, ); }; };
		35FA258523801D9C00854685 /* PrivacyContact.framework in Frameworks */ = {isa = PBXBuildFile; fileRef = 35FA257E23801D9C00854685 /* PrivacyContact.framework */; };
		35FA258623801D9C00854685 /* PrivacyContact.framework in Embed Frameworks */ = {isa = PBXBuildFile; fileRef = 35FA257E23801D9C00854685 /* PrivacyContact.framework */; settings = {ATTRIBUTES = (CodeSignOnCopy, RemoveHeadersOnCopy, ); }; };
		35FA25A323803BDC00854685 /* PrivacyManager.framework in Frameworks */ = {isa = PBXBuildFile; fileRef = DB85E27B1E9F228500AFAFE3 /* PrivacyManager.framework */; };
		35FA25A423803BDC00854685 /* PrivacyManager.framework in Embed Frameworks */ = {isa = PBXBuildFile; fileRef = DB85E27B1E9F228500AFAFE3 /* PrivacyManager.framework */; settings = {ATTRIBUTES = (CodeSignOnCopy, RemoveHeadersOnCopy, ); }; };
		35FA25A823803BE800854685 /* PrivacyManager.framework in Frameworks */ = {isa = PBXBuildFile; fileRef = DB85E27B1E9F228500AFAFE3 /* PrivacyManager.framework */; };
		35FA25A923803BE800854685 /* PrivacyManager.framework in Embed Frameworks */ = {isa = PBXBuildFile; fileRef = DB85E27B1E9F228500AFAFE3 /* PrivacyManager.framework */; settings = {ATTRIBUTES = (CodeSignOnCopy, RemoveHeadersOnCopy, ); }; };
		35FA25AD23803BED00854685 /* PrivacyManager.framework in Frameworks */ = {isa = PBXBuildFile; fileRef = DB85E27B1E9F228500AFAFE3 /* PrivacyManager.framework */; };
		35FA25AE23803BED00854685 /* PrivacyManager.framework in Embed Frameworks */ = {isa = PBXBuildFile; fileRef = DB85E27B1E9F228500AFAFE3 /* PrivacyManager.framework */; settings = {ATTRIBUTES = (CodeSignOnCopy, RemoveHeadersOnCopy, ); }; };
		35FA25B223803BF100854685 /* PrivacyManager.framework in Frameworks */ = {isa = PBXBuildFile; fileRef = DB85E27B1E9F228500AFAFE3 /* PrivacyManager.framework */; };
		35FA25B323803BF100854685 /* PrivacyManager.framework in Embed Frameworks */ = {isa = PBXBuildFile; fileRef = DB85E27B1E9F228500AFAFE3 /* PrivacyManager.framework */; settings = {ATTRIBUTES = (CodeSignOnCopy, RemoveHeadersOnCopy, ); }; };
		DB85E2651E9F227100AFAFE3 /* AppDelegate.swift in Sources */ = {isa = PBXBuildFile; fileRef = DB85E2641E9F227100AFAFE3 /* AppDelegate.swift */; };
		DB85E2671E9F227100AFAFE3 /* ViewController.swift in Sources */ = {isa = PBXBuildFile; fileRef = DB85E2661E9F227100AFAFE3 /* ViewController.swift */; };
		DB85E26A1E9F227100AFAFE3 /* Main.storyboard in Resources */ = {isa = PBXBuildFile; fileRef = DB85E2681E9F227100AFAFE3 /* Main.storyboard */; };
		DB85E26C1E9F227100AFAFE3 /* Assets.xcassets in Resources */ = {isa = PBXBuildFile; fileRef = DB85E26B1E9F227100AFAFE3 /* Assets.xcassets */; };
		DB85E26F1E9F227100AFAFE3 /* LaunchScreen.storyboard in Resources */ = {isa = PBXBuildFile; fileRef = DB85E26D1E9F227100AFAFE3 /* LaunchScreen.storyboard */; };
/* End PBXBuildFile section */

/* Begin PBXContainerItemProxy section */
		353AB45C238131550054EEB8 /* PBXContainerItemProxy */ = {
			isa = PBXContainerItemProxy;
			containerPortal = DB85E2591E9F227100AFAFE3 /* Project object */;
			proxyType = 1;
			remoteGlobalIDString = 353AB456238131550054EEB8;
			remoteInfo = PrivacyPhoto;
		};
		353AB4822381369B0054EEB8 /* PBXContainerItemProxy */ = {
			isa = PBXContainerItemProxy;
			containerPortal = DB85E2591E9F227100AFAFE3 /* Project object */;
			proxyType = 1;
			remoteGlobalIDString = DB85E27A1E9F228500AFAFE3;
			remoteInfo = PrivacyManager;
		};
		35DF66942387C9890066325E /* PBXContainerItemProxy */ = {
			isa = PBXContainerItemProxy;
			containerPortal = DB85E2591E9F227100AFAFE3 /* Project object */;
			proxyType = 1;
			remoteGlobalIDString = 35DF668E2387C9890066325E;
			remoteInfo = PrivacySpeech;
		};
		35DF66A22387CA0A0066325E /* PBXContainerItemProxy */ = {
			isa = PBXContainerItemProxy;
			containerPortal = DB85E2591E9F227100AFAFE3 /* Project object */;
			proxyType = 1;
			remoteGlobalIDString = DB85E27A1E9F228500AFAFE3;
			remoteInfo = PrivacyManager;
		};
		35FA255023801D2800854685 /* PBXContainerItemProxy */ = {
			isa = PBXContainerItemProxy;
			containerPortal = DB85E2591E9F227100AFAFE3 /* Project object */;
			proxyType = 1;
			remoteGlobalIDString = 35FA254A23801D2800854685;
			remoteInfo = PrivacyCamera;
		};
		35FA256123801D4300854685 /* PBXContainerItemProxy */ = {
			isa = PBXContainerItemProxy;
			containerPortal = DB85E2591E9F227100AFAFE3 /* Project object */;
			proxyType = 1;
			remoteGlobalIDString = 35FA255B23801D4300854685;
			remoteInfo = PrivacyLocation;
		};
		35FA257223801D7A00854685 /* PBXContainerItemProxy */ = {
			isa = PBXContainerItemProxy;
			containerPortal = DB85E2591E9F227100AFAFE3 /* Project object */;
			proxyType = 1;
			remoteGlobalIDString = 35FA256C23801D7A00854685;
			remoteInfo = PrivacyMicrophone;
		};
		35FA258323801D9C00854685 /* PBXContainerItemProxy */ = {
			isa = PBXContainerItemProxy;
			containerPortal = DB85E2591E9F227100AFAFE3 /* Project object */;
			proxyType = 1;
			remoteGlobalIDString = 35FA257D23801D9C00854685;
			remoteInfo = PrivacyContact;
		};
		35FA25A523803BDC00854685 /* PBXContainerItemProxy */ = {
			isa = PBXContainerItemProxy;
			containerPortal = DB85E2591E9F227100AFAFE3 /* Project object */;
			proxyType = 1;
			remoteGlobalIDString = DB85E27A1E9F228500AFAFE3;
			remoteInfo = PrivacyManager;
		};
		35FA25AA23803BE800854685 /* PBXContainerItemProxy */ = {
			isa = PBXContainerItemProxy;
			containerPortal = DB85E2591E9F227100AFAFE3 /* Project object */;
			proxyType = 1;
			remoteGlobalIDString = DB85E27A1E9F228500AFAFE3;
			remoteInfo = PrivacyManager;
		};
		35FA25AF23803BED00854685 /* PBXContainerItemProxy */ = {
			isa = PBXContainerItemProxy;
			containerPortal = DB85E2591E9F227100AFAFE3 /* Project object */;
			proxyType = 1;
			remoteGlobalIDString = DB85E27A1E9F228500AFAFE3;
			remoteInfo = PrivacyManager;
		};
		35FA25B423803BF100854685 /* PBXContainerItemProxy */ = {
			isa = PBXContainerItemProxy;
			containerPortal = DB85E2591E9F227100AFAFE3 /* Project object */;
			proxyType = 1;
			remoteGlobalIDString = DB85E27A1E9F228500AFAFE3;
			remoteInfo = PrivacyManager;
		};
		DB85E2801E9F228500AFAFE3 /* PBXContainerItemProxy */ = {
			isa = PBXContainerItemProxy;
			containerPortal = DB85E2591E9F227100AFAFE3 /* Project object */;
			proxyType = 1;
			remoteGlobalIDString = DB85E27A1E9F228500AFAFE3;
			remoteInfo = PrivacyManager;
		};
/* End PBXContainerItemProxy section */

/* Begin PBXCopyFilesBuildPhase section */
		353AB4842381369B0054EEB8 /* Embed Frameworks */ = {
			isa = PBXCopyFilesBuildPhase;
			buildActionMask = 2147483647;
			dstPath = "";
			dstSubfolderSpec = 10;
			files = (
				353AB4812381369B0054EEB8 /* PrivacyManager.framework in Embed Frameworks */,
			);
			name = "Embed Frameworks";
			runOnlyForDeploymentPostprocessing = 0;
		};
		359D22B02360375000A76483 /* Embed Frameworks */ = {
			isa = PBXCopyFilesBuildPhase;
			buildActionMask = 2147483647;
			dstPath = "";
			dstSubfolderSpec = 10;
			files = (
				353AB45F238131550054EEB8 /* PrivacyPhoto.framework in Embed Frameworks */,
				35FA256423801D4300854685 /* PrivacyLocation.framework in Embed Frameworks */,
				35FA257523801D7A00854685 /* PrivacyMicrophone.framework in Embed Frameworks */,
				35DF66972387C9890066325E /* PrivacySpeech.framework in Embed Frameworks */,
				35FA258623801D9C00854685 /* PrivacyContact.framework in Embed Frameworks */,
				35FA255323801D2800854685 /* PrivacyCamera.framework in Embed Frameworks */,
				359D22AF2360375000A76483 /* PrivacyManager.framework in Embed Frameworks */,
			);
			name = "Embed Frameworks";
			runOnlyForDeploymentPostprocessing = 0;
		};
		35DF66A42387CA0A0066325E /* Embed Frameworks */ = {
			isa = PBXCopyFilesBuildPhase;
			buildActionMask = 2147483647;
			dstPath = "";
			dstSubfolderSpec = 10;
			files = (
				35DF66A12387CA0A0066325E /* PrivacyManager.framework in Embed Frameworks */,
			);
			name = "Embed Frameworks";
			runOnlyForDeploymentPostprocessing = 0;
		};
		35FA25A723803BDD00854685 /* Embed Frameworks */ = {
			isa = PBXCopyFilesBuildPhase;
			buildActionMask = 2147483647;
			dstPath = "";
			dstSubfolderSpec = 10;
			files = (
				35FA25A423803BDC00854685 /* PrivacyManager.framework in Embed Frameworks */,
			);
			name = "Embed Frameworks";
			runOnlyForDeploymentPostprocessing = 0;
		};
		35FA25AC23803BE800854685 /* Embed Frameworks */ = {
			isa = PBXCopyFilesBuildPhase;
			buildActionMask = 2147483647;
			dstPath = "";
			dstSubfolderSpec = 10;
			files = (
				35FA25A923803BE800854685 /* PrivacyManager.framework in Embed Frameworks */,
			);
			name = "Embed Frameworks";
			runOnlyForDeploymentPostprocessing = 0;
		};
		35FA25B123803BED00854685 /* Embed Frameworks */ = {
			isa = PBXCopyFilesBuildPhase;
			buildActionMask = 2147483647;
			dstPath = "";
			dstSubfolderSpec = 10;
			files = (
				35FA25AE23803BED00854685 /* PrivacyManager.framework in Embed Frameworks */,
			);
			name = "Embed Frameworks";
			runOnlyForDeploymentPostprocessing = 0;
		};
		35FA25B623803BF200854685 /* Embed Frameworks */ = {
			isa = PBXCopyFilesBuildPhase;
			buildActionMask = 2147483647;
			dstPath = "";
			dstSubfolderSpec = 10;
			files = (
				35FA25B323803BF100854685 /* PrivacyManager.framework in Embed Frameworks */,
			);
			name = "Embed Frameworks";
			runOnlyForDeploymentPostprocessing = 0;
		};
/* End PBXCopyFilesBuildPhase section */

/* Begin PBXFileReference section */
		353AB42C238042930054EEB8 /* PrivacyCamera.h */ = {isa = PBXFileReference; lastKnownFileType = sourcecode.c.h; path = PrivacyCamera.h; sourceTree = "<group>"; };
		353AB42D238042930054EEB8 /* PrivacyManager+Camera.swift */ = {isa = PBXFileReference; lastKnownFileType = sourcecode.swift; path = "PrivacyManager+Camera.swift"; sourceTree = "<group>"; };
		353AB42E238042930054EEB8 /* Info.plist */ = {isa = PBXFileReference; lastKnownFileType = text.plist.xml; path = Info.plist; sourceTree = "<group>"; };
		353AB432238045210054EEB8 /* PrivacyManager+Microphone.swift */ = {isa = PBXFileReference; lastKnownFileType = sourcecode.swift; path = "PrivacyManager+Microphone.swift"; sourceTree = "<group>"; };
		353AB433238045210054EEB8 /* PrivacyMicrophone.h */ = {isa = PBXFileReference; lastKnownFileType = sourcecode.c.h; path = PrivacyMicrophone.h; sourceTree = "<group>"; };
		353AB434238045210054EEB8 /* Info.plist */ = {isa = PBXFileReference; lastKnownFileType = text.plist.xml; path = Info.plist; sourceTree = "<group>"; };
		353AB437238045210054EEB8 /* CLLocationManager+Rx.swift */ = {isa = PBXFileReference; lastKnownFileType = sourcecode.swift; path = "CLLocationManager+Rx.swift"; sourceTree = "<group>"; };
		353AB438238045210054EEB8 /* RxCLLocationManagerDelegateProxy.swift */ = {isa = PBXFileReference; lastKnownFileType = sourcecode.swift; path = RxCLLocationManagerDelegateProxy.swift; sourceTree = "<group>"; };
		353AB439238045210054EEB8 /* PrivacyManager+Location.swift */ = {isa = PBXFileReference; lastKnownFileType = sourcecode.swift; path = "PrivacyManager+Location.swift"; sourceTree = "<group>"; };
		353AB43A238045210054EEB8 /* PrivacyLocation.h */ = {isa = PBXFileReference; lastKnownFileType = sourcecode.c.h; path = PrivacyLocation.h; sourceTree = "<group>"; };
		353AB43B238045210054EEB8 /* Info.plist */ = {isa = PBXFileReference; lastKnownFileType = text.plist.xml; path = Info.plist; sourceTree = "<group>"; };
		353AB441238045220054EEB8 /* PrivacyManager+Contact.swift */ = {isa = PBXFileReference; lastKnownFileType = sourcecode.swift; path = "PrivacyManager+Contact.swift"; sourceTree = "<group>"; };
		353AB442238045220054EEB8 /* PrivacyContact.h */ = {isa = PBXFileReference; lastKnownFileType = sourcecode.c.h; path = PrivacyContact.h; sourceTree = "<group>"; };
		353AB443238045220054EEB8 /* Info.plist */ = {isa = PBXFileReference; lastKnownFileType = text.plist.xml; path = Info.plist; sourceTree = "<group>"; };
		353AB449238046700054EEB8 /* RxSwift.framework */ = {isa = PBXFileReference; lastKnownFileType = wrapper.framework; name = RxSwift.framework; path = ../Carthage/Build/iOS/RxSwift.framework; sourceTree = "<group>"; };
		353AB44C238046760054EEB8 /* RxRelay.framework */ = {isa = PBXFileReference; lastKnownFileType = wrapper.framework; name = RxRelay.framework; path = ../Carthage/Build/iOS/RxRelay.framework; sourceTree = "<group>"; };
		353AB44F238046780054EEB8 /* RxCocoa.framework */ = {isa = PBXFileReference; lastKnownFileType = wrapper.framework; name = RxCocoa.framework; path = ../Carthage/Build/iOS/RxCocoa.framework; sourceTree = "<group>"; };
		353AB457238131550054EEB8 /* PrivacyPhoto.framework */ = {isa = PBXFileReference; explicitFileType = wrapper.framework; includeInIndex = 0; path = PrivacyPhoto.framework; sourceTree = BUILT_PRODUCTS_DIR; };
		353AB46E2381335D0054EEB8 /* PrivacyPhoto.h */ = {isa = PBXFileReference; lastKnownFileType = sourcecode.c.h; path = PrivacyPhoto.h; sourceTree = "<group>"; };
		353AB46F2381335D0054EEB8 /* PrivacyManager+Photo.swift */ = {isa = PBXFileReference; lastKnownFileType = sourcecode.swift; path = "PrivacyManager+Photo.swift"; sourceTree = "<group>"; };
		353AB4702381335D0054EEB8 /* Info.plist */ = {isa = PBXFileReference; lastKnownFileType = text.plist.xml; path = Info.plist; sourceTree = "<group>"; };
		354285D3235FFA1500F1056B /* Package.swift */ = {isa = PBXFileReference; lastKnownFileType = sourcecode.swift; name = Package.swift; path = ../Package.swift; sourceTree = "<group>"; };
		354285E12360256400F1056B /* PrivacyManager.h */ = {isa = PBXFileReference; fileEncoding = 4; lastKnownFileType = sourcecode.c.h; path = PrivacyManager.h; sourceTree = "<group>"; };
		354285E22360256400F1056B /* UIViewController+PM.swift */ = {isa = PBXFileReference; fileEncoding = 4; lastKnownFileType = sourcecode.swift; path = "UIViewController+PM.swift"; sourceTree = "<group>"; };
		354285E92360256400F1056B /* PrivacyManager.swift */ = {isa = PBXFileReference; fileEncoding = 4; lastKnownFileType = sourcecode.swift; path = PrivacyManager.swift; sourceTree = "<group>"; };
		354285EB2360256400F1056B /* Function.swift */ = {isa = PBXFileReference; fileEncoding = 4; lastKnownFileType = sourcecode.swift; path = Function.swift; sourceTree = "<group>"; };
		354285EC2360256400F1056B /* Info.plist */ = {isa = PBXFileReference; fileEncoding = 4; lastKnownFileType = text.plist.xml; path = Info.plist; sourceTree = "<group>"; };
		354285ED2360256400F1056B /* Struct.swift */ = {isa = PBXFileReference; fileEncoding = 4; lastKnownFileType = sourcecode.swift; path = Struct.swift; sourceTree = "<group>"; };
		35DF668F2387C9890066325E /* PrivacySpeech.framework */ = {isa = PBXFileReference; explicitFileType = wrapper.framework; includeInIndex = 0; path = PrivacySpeech.framework; sourceTree = BUILT_PRODUCTS_DIR; };
		35DF669C2387C9B40066325E /* PrivacySpeech.h */ = {isa = PBXFileReference; fileEncoding = 4; lastKnownFileType = sourcecode.c.h; path = PrivacySpeech.h; sourceTree = "<group>"; };
		35DF669D2387C9B40066325E /* Info.plist */ = {isa = PBXFileReference; fileEncoding = 4; lastKnownFileType = text.plist.xml; path = Info.plist; sourceTree = "<group>"; };
		35DF66A52387CCE70066325E /* PrivacyManager+Speech.swift */ = {isa = PBXFileReference; lastKnownFileType = sourcecode.swift; path = "PrivacyManager+Speech.swift"; sourceTree = "<group>"; };
		35FA254B23801D2800854685 /* PrivacyCamera.framework */ = {isa = PBXFileReference; explicitFileType = wrapper.framework; includeInIndex = 0; path = PrivacyCamera.framework; sourceTree = BUILT_PRODUCTS_DIR; };
		35FA255C23801D4300854685 /* PrivacyLocation.framework */ = {isa = PBXFileReference; explicitFileType = wrapper.framework; includeInIndex = 0; path = PrivacyLocation.framework; sourceTree = BUILT_PRODUCTS_DIR; };
		35FA256D23801D7A00854685 /* PrivacyMicrophone.framework */ = {isa = PBXFileReference; explicitFileType = wrapper.framework; includeInIndex = 0; path = PrivacyMicrophone.framework; sourceTree = BUILT_PRODUCTS_DIR; };
		35FA257E23801D9C00854685 /* PrivacyContact.framework */ = {isa = PBXFileReference; explicitFileType = wrapper.framework; includeInIndex = 0; path = PrivacyContact.framework; sourceTree = BUILT_PRODUCTS_DIR; };
		DB85E2611E9F227100AFAFE3 /* PrivacyManagerDemo.app */ = {isa = PBXFileReference; explicitFileType = wrapper.application; includeInIndex = 0; path = PrivacyManagerDemo.app; sourceTree = BUILT_PRODUCTS_DIR; };
		DB85E2641E9F227100AFAFE3 /* AppDelegate.swift */ = {isa = PBXFileReference; lastKnownFileType = sourcecode.swift; path = AppDelegate.swift; sourceTree = "<group>"; };
		DB85E2661E9F227100AFAFE3 /* ViewController.swift */ = {isa = PBXFileReference; lastKnownFileType = sourcecode.swift; path = ViewController.swift; sourceTree = "<group>"; };
		DB85E2691E9F227100AFAFE3 /* Base */ = {isa = PBXFileReference; lastKnownFileType = file.storyboard; name = Base; path = Base.lproj/Main.storyboard; sourceTree = "<group>"; };
		DB85E26B1E9F227100AFAFE3 /* Assets.xcassets */ = {isa = PBXFileReference; lastKnownFileType = folder.assetcatalog; path = Assets.xcassets; sourceTree = "<group>"; };
		DB85E26E1E9F227100AFAFE3 /* Base */ = {isa = PBXFileReference; lastKnownFileType = file.storyboard; name = Base; path = Base.lproj/LaunchScreen.storyboard; sourceTree = "<group>"; };
		DB85E2701E9F227100AFAFE3 /* Info.plist */ = {isa = PBXFileReference; lastKnownFileType = text.plist.xml; path = Info.plist; sourceTree = "<group>"; };
		DB85E27B1E9F228500AFAFE3 /* PrivacyManager.framework */ = {isa = PBXFileReference; explicitFileType = wrapper.framework; includeInIndex = 0; path = PrivacyManager.framework; sourceTree = BUILT_PRODUCTS_DIR; };
/* End PBXFileReference section */

/* Begin PBXFrameworksBuildPhase section */
		353AB454238131550054EEB8 /* Frameworks */ = {
			isa = PBXFrameworksBuildPhase;
			buildActionMask = 2147483647;
			files = (
				353AB4802381369B0054EEB8 /* PrivacyManager.framework in Frameworks */,
			);
			runOnlyForDeploymentPostprocessing = 0;
		};
		35DF668C2387C9890066325E /* Frameworks */ = {
			isa = PBXFrameworksBuildPhase;
			buildActionMask = 2147483647;
			files = (
				35DF66A02387CA0A0066325E /* PrivacyManager.framework in Frameworks */,
			);
			runOnlyForDeploymentPostprocessing = 0;
		};
		35FA254823801D2800854685 /* Frameworks */ = {
			isa = PBXFrameworksBuildPhase;
			buildActionMask = 2147483647;
			files = (
				35FA25A323803BDC00854685 /* PrivacyManager.framework in Frameworks */,
			);
			runOnlyForDeploymentPostprocessing = 0;
		};
		35FA255923801D4300854685 /* Frameworks */ = {
			isa = PBXFrameworksBuildPhase;
			buildActionMask = 2147483647;
			files = (
				35FA25A823803BE800854685 /* PrivacyManager.framework in Frameworks */,
			);
			runOnlyForDeploymentPostprocessing = 0;
		};
		35FA256A23801D7A00854685 /* Frameworks */ = {
			isa = PBXFrameworksBuildPhase;
			buildActionMask = 2147483647;
			files = (
				35FA25AD23803BED00854685 /* PrivacyManager.framework in Frameworks */,
			);
			runOnlyForDeploymentPostprocessing = 0;
		};
		35FA257B23801D9C00854685 /* Frameworks */ = {
			isa = PBXFrameworksBuildPhase;
			buildActionMask = 2147483647;
			files = (
				35FA25B223803BF100854685 /* PrivacyManager.framework in Frameworks */,
			);
			runOnlyForDeploymentPostprocessing = 0;
		};
		DB85E25E1E9F227100AFAFE3 /* Frameworks */ = {
			isa = PBXFrameworksBuildPhase;
			buildActionMask = 2147483647;
			files = (
				353AB45E238131550054EEB8 /* PrivacyPhoto.framework in Frameworks */,
				35FA255223801D2800854685 /* PrivacyCamera.framework in Frameworks */,
				353AB47E238136350054EEB8 /* RxSwift.framework in Frameworks */,
				35DF66962387C9890066325E /* PrivacySpeech.framework in Frameworks */,
				353AB47A2381362E0054EEB8 /* RxCocoa.framework in Frameworks */,
				35FA257423801D7A00854685 /* PrivacyMicrophone.framework in Frameworks */,
				353AB47C238136310054EEB8 /* RxRelay.framework in Frameworks */,
				359D22AE2360375000A76483 /* PrivacyManager.framework in Frameworks */,
				35FA258523801D9C00854685 /* PrivacyContact.framework in Frameworks */,
				35FA256323801D4300854685 /* PrivacyLocation.framework in Frameworks */,
			);
			runOnlyForDeploymentPostprocessing = 0;
		};
		DB85E2771E9F228500AFAFE3 /* Frameworks */ = {
			isa = PBXFrameworksBuildPhase;
			buildActionMask = 2147483647;
			files = (
			);
			runOnlyForDeploymentPostprocessing = 0;
		};
/* End PBXFrameworksBuildPhase section */

/* Begin PBXGroup section */
		353AB42A238042930054EEB8 /* PrivacyCamera */ = {
			isa = PBXGroup;
			children = (
				353AB42E238042930054EEB8 /* Info.plist */,
				353AB42C238042930054EEB8 /* PrivacyCamera.h */,
				353AB42D238042930054EEB8 /* PrivacyManager+Camera.swift */,
			);
			name = PrivacyCamera;
			path = ../PrivacyCamera;
			sourceTree = "<group>";
		};
		353AB431238045210054EEB8 /* PrivacyMicrophone */ = {
			isa = PBXGroup;
			children = (
				353AB434238045210054EEB8 /* Info.plist */,
				353AB433238045210054EEB8 /* PrivacyMicrophone.h */,
				353AB432238045210054EEB8 /* PrivacyManager+Microphone.swift */,
			);
			name = PrivacyMicrophone;
			path = ../PrivacyMicrophone;
			sourceTree = "<group>";
		};
		353AB435238045210054EEB8 /* PrivacyLocation */ = {
			isa = PBXGroup;
			children = (
				353AB43B238045210054EEB8 /* Info.plist */,
				353AB43A238045210054EEB8 /* PrivacyLocation.h */,
				353AB439238045210054EEB8 /* PrivacyManager+Location.swift */,
				353AB436238045210054EEB8 /* Extensions */,
			);
			name = PrivacyLocation;
			path = ../PrivacyLocation;
			sourceTree = "<group>";
		};
		353AB436238045210054EEB8 /* Extensions */ = {
			isa = PBXGroup;
			children = (
				353AB437238045210054EEB8 /* CLLocationManager+Rx.swift */,
				353AB438238045210054EEB8 /* RxCLLocationManagerDelegateProxy.swift */,
			);
			path = Extensions;
			sourceTree = "<group>";
		};
		353AB440238045220054EEB8 /* PrivacyContact */ = {
			isa = PBXGroup;
			children = (
				353AB443238045220054EEB8 /* Info.plist */,
				353AB442238045220054EEB8 /* PrivacyContact.h */,
				353AB441238045220054EEB8 /* PrivacyManager+Contact.swift */,
			);
			name = PrivacyContact;
			path = ../PrivacyContact;
			sourceTree = "<group>";
		};
		353AB448238046700054EEB8 /* Frameworks */ = {
			isa = PBXGroup;
			children = (
				353AB44F238046780054EEB8 /* RxCocoa.framework */,
				353AB44C238046760054EEB8 /* RxRelay.framework */,
				353AB449238046700054EEB8 /* RxSwift.framework */,
			);
			name = Frameworks;
			sourceTree = "<group>";
		};
		353AB46D2381335D0054EEB8 /* PrivacyPhoto */ = {
			isa = PBXGroup;
			children = (
				353AB4702381335D0054EEB8 /* Info.plist */,
				353AB46E2381335D0054EEB8 /* PrivacyPhoto.h */,
				353AB46F2381335D0054EEB8 /* PrivacyManager+Photo.swift */,
			);
			name = PrivacyPhoto;
			path = ../PrivacyPhoto;
			sourceTree = "<group>";
		};
		354285DF2360256400F1056B /* PrivacyManager */ = {
			isa = PBXGroup;
			children = (
				354285EC2360256400F1056B /* Info.plist */,
				354285E12360256400F1056B /* PrivacyManager.h */,
				354285ED2360256400F1056B /* Struct.swift */,
				354285EB2360256400F1056B /* Function.swift */,
				354285E92360256400F1056B /* PrivacyManager.swift */,
				354285E22360256400F1056B /* UIViewController+PM.swift */,
			);
			name = PrivacyManager;
			path = ../PrivacyManager;
			sourceTree = "<group>";
		};
		35DF669B2387C9B40066325E /* PrivacySpeech */ = {
			isa = PBXGroup;
			children = (
				35DF669D2387C9B40066325E /* Info.plist */,
				35DF669C2387C9B40066325E /* PrivacySpeech.h */,
				35DF66A52387CCE70066325E /* PrivacyManager+Speech.swift */,
			);
			name = PrivacySpeech;
			path = ../PrivacySpeech;
			sourceTree = "<group>";
		};
		DB85E2581E9F227100AFAFE3 = {
			isa = PBXGroup;
			children = (
				354285D3235FFA1500F1056B /* Package.swift */,
				354285DF2360256400F1056B /* PrivacyManager */,
				35DF669B2387C9B40066325E /* PrivacySpeech */,
				353AB46D2381335D0054EEB8 /* PrivacyPhoto */,
				353AB440238045220054EEB8 /* PrivacyContact */,
				353AB435238045210054EEB8 /* PrivacyLocation */,
				353AB431238045210054EEB8 /* PrivacyMicrophone */,
				353AB42A238042930054EEB8 /* PrivacyCamera */,
				DB85E2631E9F227100AFAFE3 /* PrivacyManagerDemo */,
				DB85E2621E9F227100AFAFE3 /* Products */,
				353AB448238046700054EEB8 /* Frameworks */,
			);
			sourceTree = "<group>";
		};
		DB85E2621E9F227100AFAFE3 /* Products */ = {
			isa = PBXGroup;
			children = (
				DB85E2611E9F227100AFAFE3 /* PrivacyManagerDemo.app */,
				DB85E27B1E9F228500AFAFE3 /* PrivacyManager.framework */,
				35FA254B23801D2800854685 /* PrivacyCamera.framework */,
				35FA255C23801D4300854685 /* PrivacyLocation.framework */,
				35FA256D23801D7A00854685 /* PrivacyMicrophone.framework */,
				35FA257E23801D9C00854685 /* PrivacyContact.framework */,
				353AB457238131550054EEB8 /* PrivacyPhoto.framework */,
				35DF668F2387C9890066325E /* PrivacySpeech.framework */,
			);
			name = Products;
			sourceTree = "<group>";
		};
		DB85E2631E9F227100AFAFE3 /* PrivacyManagerDemo */ = {
			isa = PBXGroup;
			children = (
				DB85E2641E9F227100AFAFE3 /* AppDelegate.swift */,
				DB85E2661E9F227100AFAFE3 /* ViewController.swift */,
				DB85E2681E9F227100AFAFE3 /* Main.storyboard */,
				DB85E26B1E9F227100AFAFE3 /* Assets.xcassets */,
				DB85E26D1E9F227100AFAFE3 /* LaunchScreen.storyboard */,
				DB85E2701E9F227100AFAFE3 /* Info.plist */,
			);
			path = PrivacyManagerDemo;
			sourceTree = "<group>";
		};
/* End PBXGroup section */

/* Begin PBXHeadersBuildPhase section */
		353AB452238131550054EEB8 /* Headers */ = {
			isa = PBXHeadersBuildPhase;
			buildActionMask = 2147483647;
			files = (
				353AB4712381336F0054EEB8 /* PrivacyPhoto.h in Headers */,
			);
			runOnlyForDeploymentPostprocessing = 0;
		};
		35DF668A2387C9890066325E /* Headers */ = {
			isa = PBXHeadersBuildPhase;
			buildActionMask = 2147483647;
			files = (
				35DF669E2387C9B40066325E /* PrivacySpeech.h in Headers */,
			);
			runOnlyForDeploymentPostprocessing = 0;
		};
		35FA254623801D2800854685 /* Headers */ = {
			isa = PBXHeadersBuildPhase;
			buildActionMask = 2147483647;
			files = (
				353AB4452380460B0054EEB8 /* PrivacyCamera.h in Headers */,
			);
			runOnlyForDeploymentPostprocessing = 0;
		};
		35FA255723801D4300854685 /* Headers */ = {
			isa = PBXHeadersBuildPhase;
			buildActionMask = 2147483647;
			files = (
				353AB477238134180054EEB8 /* PrivacyLocation.h in Headers */,
			);
			runOnlyForDeploymentPostprocessing = 0;
		};
		35FA256823801D7A00854685 /* Headers */ = {
			isa = PBXHeadersBuildPhase;
			buildActionMask = 2147483647;
			files = (
				353AB475238133CA0054EEB8 /* PrivacyMicrophone.h in Headers */,
			);
			runOnlyForDeploymentPostprocessing = 0;
		};
		35FA257923801D9C00854685 /* Headers */ = {
			isa = PBXHeadersBuildPhase;
			buildActionMask = 2147483647;
			files = (
				353AB473238133A30054EEB8 /* PrivacyContact.h in Headers */,
			);
			runOnlyForDeploymentPostprocessing = 0;
		};
		DB85E2781E9F228500AFAFE3 /* Headers */ = {
			isa = PBXHeadersBuildPhase;
			buildActionMask = 2147483647;
			files = (
				354285FC236029AD00F1056B /* PrivacyManager.h in Headers */,
			);
			runOnlyForDeploymentPostprocessing = 0;
		};
/* End PBXHeadersBuildPhase section */

/* Begin PBXNativeTarget section */
		353AB456238131550054EEB8 /* PrivacyPhoto */ = {
			isa = PBXNativeTarget;
			buildConfigurationList = 353AB460238131550054EEB8 /* Build configuration list for PBXNativeTarget "PrivacyPhoto" */;
			buildPhases = (
				353AB452238131550054EEB8 /* Headers */,
				353AB453238131550054EEB8 /* Sources */,
				353AB454238131550054EEB8 /* Frameworks */,
				353AB455238131550054EEB8 /* Resources */,
				353AB4842381369B0054EEB8 /* Embed Frameworks */,
			);
			buildRules = (
			);
			dependencies = (
				353AB4832381369B0054EEB8 /* PBXTargetDependency */,
			);
			name = PrivacyPhoto;
			productName = PrivacyPhoto;
			productReference = 353AB457238131550054EEB8 /* PrivacyPhoto.framework */;
			productType = "com.apple.product-type.framework";
		};
		35DF668E2387C9890066325E /* PrivacySpeech */ = {
			isa = PBXNativeTarget;
			buildConfigurationList = 35DF669A2387C9890066325E /* Build configuration list for PBXNativeTarget "PrivacySpeech" */;
			buildPhases = (
				35DF668A2387C9890066325E /* Headers */,
				35DF668B2387C9890066325E /* Sources */,
				35DF668C2387C9890066325E /* Frameworks */,
				35DF668D2387C9890066325E /* Resources */,
				35DF66A42387CA0A0066325E /* Embed Frameworks */,
			);
			buildRules = (
			);
			dependencies = (
				35DF66A32387CA0A0066325E /* PBXTargetDependency */,
			);
			name = PrivacySpeech;
			productName = PrivacySpeech;
			productReference = 35DF668F2387C9890066325E /* PrivacySpeech.framework */;
			productType = "com.apple.product-type.framework";
		};
		35FA254A23801D2800854685 /* PrivacyCamera */ = {
			isa = PBXNativeTarget;
			buildConfigurationList = 35FA255423801D2800854685 /* Build configuration list for PBXNativeTarget "PrivacyCamera" */;
			buildPhases = (
				35FA254623801D2800854685 /* Headers */,
				35FA254723801D2800854685 /* Sources */,
				35FA254823801D2800854685 /* Frameworks */,
				35FA254923801D2800854685 /* Resources */,
				35FA25A723803BDD00854685 /* Embed Frameworks */,
			);
			buildRules = (
			);
			dependencies = (
				35FA25A623803BDC00854685 /* PBXTargetDependency */,
			);
			name = PrivacyCamera;
			productName = PrivacyCamera;
			productReference = 35FA254B23801D2800854685 /* PrivacyCamera.framework */;
			productType = "com.apple.product-type.framework";
		};
		35FA255B23801D4300854685 /* PrivacyLocation */ = {
			isa = PBXNativeTarget;
			buildConfigurationList = 35FA256523801D4300854685 /* Build configuration list for PBXNativeTarget "PrivacyLocation" */;
			buildPhases = (
				35FA255723801D4300854685 /* Headers */,
				35FA255823801D4300854685 /* Sources */,
				35FA255923801D4300854685 /* Frameworks */,
				35FA255A23801D4300854685 /* Resources */,
				35FA25AC23803BE800854685 /* Embed Frameworks */,
			);
			buildRules = (
			);
			dependencies = (
				35FA25AB23803BE800854685 /* PBXTargetDependency */,
			);
			name = PrivacyLocation;
			productName = PrivacyLocation;
			productReference = 35FA255C23801D4300854685 /* PrivacyLocation.framework */;
			productType = "com.apple.product-type.framework";
		};
		35FA256C23801D7A00854685 /* PrivacyMicrophone */ = {
			isa = PBXNativeTarget;
			buildConfigurationList = 35FA257623801D7A00854685 /* Build configuration list for PBXNativeTarget "PrivacyMicrophone" */;
			buildPhases = (
				35FA256823801D7A00854685 /* Headers */,
				35FA256923801D7A00854685 /* Sources */,
				35FA256A23801D7A00854685 /* Frameworks */,
				35FA256B23801D7A00854685 /* Resources */,
				35FA25B123803BED00854685 /* Embed Frameworks */,
			);
			buildRules = (
			);
			dependencies = (
				35FA25B023803BED00854685 /* PBXTargetDependency */,
			);
			name = PrivacyMicrophone;
			productName = PrivacyMicrophone;
			productReference = 35FA256D23801D7A00854685 /* PrivacyMicrophone.framework */;
			productType = "com.apple.product-type.framework";
		};
		35FA257D23801D9C00854685 /* PrivacyContact */ = {
			isa = PBXNativeTarget;
			buildConfigurationList = 35FA258723801D9C00854685 /* Build configuration list for PBXNativeTarget "PrivacyContact" */;
			buildPhases = (
				35FA257923801D9C00854685 /* Headers */,
				35FA257A23801D9C00854685 /* Sources */,
				35FA257B23801D9C00854685 /* Frameworks */,
				35FA257C23801D9C00854685 /* Resources */,
				35FA25B623803BF200854685 /* Embed Frameworks */,
			);
			buildRules = (
			);
			dependencies = (
				35FA25B523803BF100854685 /* PBXTargetDependency */,
			);
			name = PrivacyContact;
			productName = PrivacyContact;
			productReference = 35FA257E23801D9C00854685 /* PrivacyContact.framework */;
			productType = "com.apple.product-type.framework";
		};
		DB85E2601E9F227100AFAFE3 /* PrivacyManagerDemo */ = {
			isa = PBXNativeTarget;
			buildConfigurationList = DB85E2731E9F227100AFAFE3 /* Build configuration list for PBXNativeTarget "PrivacyManagerDemo" */;
			buildPhases = (
				DB85E25D1E9F227100AFAFE3 /* Sources */,
				DB85E25E1E9F227100AFAFE3 /* Frameworks */,
				DB85E25F1E9F227100AFAFE3 /* Resources */,
				DB85E2931E9F43C700AFAFE3 /* ShellScript */,
				359D22B02360375000A76483 /* Embed Frameworks */,
			);
			buildRules = (
			);
			dependencies = (
				DB85E2811E9F228500AFAFE3 /* PBXTargetDependency */,
				35FA255123801D2800854685 /* PBXTargetDependency */,
				35FA256223801D4300854685 /* PBXTargetDependency */,
				35FA257323801D7A00854685 /* PBXTargetDependency */,
				35FA258423801D9C00854685 /* PBXTargetDependency */,
				353AB45D238131550054EEB8 /* PBXTargetDependency */,
				35DF66952387C9890066325E /* PBXTargetDependency */,
			);
			name = PrivacyManagerDemo;
			productName = PrivacyManagerDemo;
			productReference = DB85E2611E9F227100AFAFE3 /* PrivacyManagerDemo.app */;
			productType = "com.apple.product-type.application";
		};
		DB85E27A1E9F228500AFAFE3 /* PrivacyManager */ = {
			isa = PBXNativeTarget;
			buildConfigurationList = DB85E2841E9F228500AFAFE3 /* Build configuration list for PBXNativeTarget "PrivacyManager" */;
			buildPhases = (
				DB85E2761E9F228500AFAFE3 /* Sources */,
				DB85E2771E9F228500AFAFE3 /* Frameworks */,
				DB85E2781E9F228500AFAFE3 /* Headers */,
				DB85E2791E9F228500AFAFE3 /* Resources */,
			);
			buildRules = (
			);
			dependencies = (
			);
			name = PrivacyManager;
			productName = PrivacyManager;
			productReference = DB85E27B1E9F228500AFAFE3 /* PrivacyManager.framework */;
			productType = "com.apple.product-type.framework";
		};
/* End PBXNativeTarget section */

/* Begin PBXProject section */
		DB85E2591E9F227100AFAFE3 /* Project object */ = {
			isa = PBXProject;
			attributes = {
				LastSwiftUpdateCheck = 0730;
				LastUpgradeCheck = 0930;
				ORGANIZATIONNAME = CP3;
				TargetAttributes = {
					353AB456238131550054EEB8 = {
						CreatedOnToolsVersion = 11.2.1;
						LastSwiftMigration = 1120;
					};
					35DF668E2387C9890066325E = {
						CreatedOnToolsVersion = 11.2.1;
						LastSwiftMigration = 1120;
					};
					35FA254A23801D2800854685 = {
						CreatedOnToolsVersion = 11.2.1;
					};
					35FA255B23801D4300854685 = {
						CreatedOnToolsVersion = 11.2.1;
					};
					35FA256C23801D7A00854685 = {
						CreatedOnToolsVersion = 11.2.1;
					};
					35FA257D23801D9C00854685 = {
						CreatedOnToolsVersion = 11.2.1;
					};
					DB85E2601E9F227100AFAFE3 = {
						CreatedOnToolsVersion = 7.3.1;
						DevelopmentTeam = RJF3498JFC;
						LastSwiftMigration = 1020;
					};
					DB85E27A1E9F228500AFAFE3 = {
						CreatedOnToolsVersion = 7.3.1;
						LastSwiftMigration = 1020;
					};
				};
			};
			buildConfigurationList = DB85E25C1E9F227100AFAFE3 /* Build configuration list for PBXProject "PrivacyManagerDemo" */;
			compatibilityVersion = "Xcode 3.2";
			developmentRegion = en;
			hasScannedForEncodings = 0;
			knownRegions = (
				en,
				Base,
			);
			mainGroup = DB85E2581E9F227100AFAFE3;
			productRefGroup = DB85E2621E9F227100AFAFE3 /* Products */;
			projectDirPath = "";
			projectRoot = "";
			targets = (
				DB85E2601E9F227100AFAFE3 /* PrivacyManagerDemo */,
				DB85E27A1E9F228500AFAFE3 /* PrivacyManager */,
				35FA254A23801D2800854685 /* PrivacyCamera */,
				35FA255B23801D4300854685 /* PrivacyLocation */,
				35FA256C23801D7A00854685 /* PrivacyMicrophone */,
				35FA257D23801D9C00854685 /* PrivacyContact */,
				353AB456238131550054EEB8 /* PrivacyPhoto */,
				35DF668E2387C9890066325E /* PrivacySpeech */,
			);
		};
/* End PBXProject section */

/* Begin PBXResourcesBuildPhase section */
		353AB455238131550054EEB8 /* Resources */ = {
			isa = PBXResourcesBuildPhase;
			buildActionMask = 2147483647;
			files = (
			);
			runOnlyForDeploymentPostprocessing = 0;
		};
		35DF668D2387C9890066325E /* Resources */ = {
			isa = PBXResourcesBuildPhase;
			buildActionMask = 2147483647;
			files = (
			);
			runOnlyForDeploymentPostprocessing = 0;
		};
		35FA254923801D2800854685 /* Resources */ = {
			isa = PBXResourcesBuildPhase;
			buildActionMask = 2147483647;
			files = (
			);
			runOnlyForDeploymentPostprocessing = 0;
		};
		35FA255A23801D4300854685 /* Resources */ = {
			isa = PBXResourcesBuildPhase;
			buildActionMask = 2147483647;
			files = (
			);
			runOnlyForDeploymentPostprocessing = 0;
		};
		35FA256B23801D7A00854685 /* Resources */ = {
			isa = PBXResourcesBuildPhase;
			buildActionMask = 2147483647;
			files = (
			);
			runOnlyForDeploymentPostprocessing = 0;
		};
		35FA257C23801D9C00854685 /* Resources */ = {
			isa = PBXResourcesBuildPhase;
			buildActionMask = 2147483647;
			files = (
			);
			runOnlyForDeploymentPostprocessing = 0;
		};
		DB85E25F1E9F227100AFAFE3 /* Resources */ = {
			isa = PBXResourcesBuildPhase;
			buildActionMask = 2147483647;
			files = (
				DB85E26F1E9F227100AFAFE3 /* LaunchScreen.storyboard in Resources */,
				DB85E26C1E9F227100AFAFE3 /* Assets.xcassets in Resources */,
				DB85E26A1E9F227100AFAFE3 /* Main.storyboard in Resources */,
			);
			runOnlyForDeploymentPostprocessing = 0;
		};
		DB85E2791E9F228500AFAFE3 /* Resources */ = {
			isa = PBXResourcesBuildPhase;
			buildActionMask = 2147483647;
			files = (
			);
			runOnlyForDeploymentPostprocessing = 0;
		};
/* End PBXResourcesBuildPhase section */

/* Begin PBXShellScriptBuildPhase section */
		DB85E2931E9F43C700AFAFE3 /* ShellScript */ = {
			isa = PBXShellScriptBuildPhase;
			buildActionMask = 2147483647;
			files = (
			);
			inputFileListPaths = (
				"$(SRCROOT)/../input.xcfilelist",
			);
			inputPaths = (
			);
			outputFileListPaths = (
				"$(SRCROOT)/../output.xcfilelist",
			);
			outputPaths = (
			);
			runOnlyForDeploymentPostprocessing = 0;
			shellPath = /bin/sh;
			shellScript = "/usr/local/bin/carthage copy-frameworks\n";
		};
/* End PBXShellScriptBuildPhase section */

/* Begin PBXSourcesBuildPhase section */
		353AB453238131550054EEB8 /* Sources */ = {
			isa = PBXSourcesBuildPhase;
			buildActionMask = 2147483647;
			files = (
				353AB472238133740054EEB8 /* PrivacyManager+Photo.swift in Sources */,
			);
			runOnlyForDeploymentPostprocessing = 0;
		};
		35DF668B2387C9890066325E /* Sources */ = {
			isa = PBXSourcesBuildPhase;
			buildActionMask = 2147483647;
			files = (
				35DF66A62387CCE70066325E /* PrivacyManager+Speech.swift in Sources */,
			);
			runOnlyForDeploymentPostprocessing = 0;
		};
		35FA254723801D2800854685 /* Sources */ = {
			isa = PBXSourcesBuildPhase;
			buildActionMask = 2147483647;
			files = (
				353AB446238046150054EEB8 /* PrivacyManager+Camera.swift in Sources */,
			);
			runOnlyForDeploymentPostprocessing = 0;
		};
		35FA255823801D4300854685 /* Sources */ = {
			isa = PBXSourcesBuildPhase;
			buildActionMask = 2147483647;
			files = (
				353AB476238134130054EEB8 /* PrivacyManager+Location.swift in Sources */,
				353AB479238134910054EEB8 /* RxCLLocationManagerDelegateProxy.swift in Sources */,
				353AB478238134910054EEB8 /* CLLocationManager+Rx.swift in Sources */,
			);
			runOnlyForDeploymentPostprocessing = 0;
		};
		35FA256923801D7A00854685 /* Sources */ = {
			isa = PBXSourcesBuildPhase;
			buildActionMask = 2147483647;
			files = (
				353AB46A238132B70054EEB8 /* PrivacyManager+Microphone.swift in Sources */,
			);
			runOnlyForDeploymentPostprocessing = 0;
		};
		35FA257A23801D9C00854685 /* Sources */ = {
			isa = PBXSourcesBuildPhase;
			buildActionMask = 2147483647;
			files = (
				353AB474238133AA0054EEB8 /* PrivacyManager+Contact.swift in Sources */,
			);
			runOnlyForDeploymentPostprocessing = 0;
		};
		DB85E25D1E9F227100AFAFE3 /* Sources */ = {
			isa = PBXSourcesBuildPhase;
			buildActionMask = 2147483647;
			files = (
				DB85E2671E9F227100AFAFE3 /* ViewController.swift in Sources */,
				DB85E2651E9F227100AFAFE3 /* AppDelegate.swift in Sources */,
			);
			runOnlyForDeploymentPostprocessing = 0;
		};
		DB85E2761E9F228500AFAFE3 /* Sources */ = {
			isa = PBXSourcesBuildPhase;
			buildActionMask = 2147483647;
			files = (
				354285F62360256500F1056B /* PrivacyManager.swift in Sources */,
				354285F02360256500F1056B /* UIViewController+PM.swift in Sources */,
				354285F82360256500F1056B /* Function.swift in Sources */,
				354285FA2360256500F1056B /* Struct.swift in Sources */,
			);
			runOnlyForDeploymentPostprocessing = 0;
		};
/* End PBXSourcesBuildPhase section */

/* Begin PBXTargetDependency section */
		353AB45D238131550054EEB8 /* PBXTargetDependency */ = {
			isa = PBXTargetDependency;
			target = 353AB456238131550054EEB8 /* PrivacyPhoto */;
			targetProxy = 353AB45C238131550054EEB8 /* PBXContainerItemProxy */;
		};
		353AB4832381369B0054EEB8 /* PBXTargetDependency */ = {
			isa = PBXTargetDependency;
			target = DB85E27A1E9F228500AFAFE3 /* PrivacyManager */;
			targetProxy = 353AB4822381369B0054EEB8 /* PBXContainerItemProxy */;
		};
		35DF66952387C9890066325E /* PBXTargetDependency */ = {
			isa = PBXTargetDependency;
			target = 35DF668E2387C9890066325E /* PrivacySpeech */;
			targetProxy = 35DF66942387C9890066325E /* PBXContainerItemProxy */;
		};
		35DF66A32387CA0A0066325E /* PBXTargetDependency */ = {
			isa = PBXTargetDependency;
			target = DB85E27A1E9F228500AFAFE3 /* PrivacyManager */;
			targetProxy = 35DF66A22387CA0A0066325E /* PBXContainerItemProxy */;
		};
		35FA255123801D2800854685 /* PBXTargetDependency */ = {
			isa = PBXTargetDependency;
			target = 35FA254A23801D2800854685 /* PrivacyCamera */;
			targetProxy = 35FA255023801D2800854685 /* PBXContainerItemProxy */;
		};
		35FA256223801D4300854685 /* PBXTargetDependency */ = {
			isa = PBXTargetDependency;
			target = 35FA255B23801D4300854685 /* PrivacyLocation */;
			targetProxy = 35FA256123801D4300854685 /* PBXContainerItemProxy */;
		};
		35FA257323801D7A00854685 /* PBXTargetDependency */ = {
			isa = PBXTargetDependency;
			target = 35FA256C23801D7A00854685 /* PrivacyMicrophone */;
			targetProxy = 35FA257223801D7A00854685 /* PBXContainerItemProxy */;
		};
		35FA258423801D9C00854685 /* PBXTargetDependency */ = {
			isa = PBXTargetDependency;
			target = 35FA257D23801D9C00854685 /* PrivacyContact */;
			targetProxy = 35FA258323801D9C00854685 /* PBXContainerItemProxy */;
		};
		35FA25A623803BDC00854685 /* PBXTargetDependency */ = {
			isa = PBXTargetDependency;
			target = DB85E27A1E9F228500AFAFE3 /* PrivacyManager */;
			targetProxy = 35FA25A523803BDC00854685 /* PBXContainerItemProxy */;
		};
		35FA25AB23803BE800854685 /* PBXTargetDependency */ = {
			isa = PBXTargetDependency;
			target = DB85E27A1E9F228500AFAFE3 /* PrivacyManager */;
			targetProxy = 35FA25AA23803BE800854685 /* PBXContainerItemProxy */;
		};
		35FA25B023803BED00854685 /* PBXTargetDependency */ = {
			isa = PBXTargetDependency;
			target = DB85E27A1E9F228500AFAFE3 /* PrivacyManager */;
			targetProxy = 35FA25AF23803BED00854685 /* PBXContainerItemProxy */;
		};
		35FA25B523803BF100854685 /* PBXTargetDependency */ = {
			isa = PBXTargetDependency;
			target = DB85E27A1E9F228500AFAFE3 /* PrivacyManager */;
			targetProxy = 35FA25B423803BF100854685 /* PBXContainerItemProxy */;
		};
		DB85E2811E9F228500AFAFE3 /* PBXTargetDependency */ = {
			isa = PBXTargetDependency;
			target = DB85E27A1E9F228500AFAFE3 /* PrivacyManager */;
			targetProxy = DB85E2801E9F228500AFAFE3 /* PBXContainerItemProxy */;
		};
/* End PBXTargetDependency section */

/* Begin PBXVariantGroup section */
		DB85E2681E9F227100AFAFE3 /* Main.storyboard */ = {
			isa = PBXVariantGroup;
			children = (
				DB85E2691E9F227100AFAFE3 /* Base */,
			);
			name = Main.storyboard;
			sourceTree = "<group>";
		};
		DB85E26D1E9F227100AFAFE3 /* LaunchScreen.storyboard */ = {
			isa = PBXVariantGroup;
			children = (
				DB85E26E1E9F227100AFAFE3 /* Base */,
			);
			name = LaunchScreen.storyboard;
			sourceTree = "<group>";
		};
/* End PBXVariantGroup section */

/* Begin XCBuildConfiguration section */
		353AB461238131550054EEB8 /* Debug */ = {
			isa = XCBuildConfiguration;
			buildSettings = {
				CLANG_ANALYZER_NUMBER_OBJECT_CONVERSION = YES_AGGRESSIVE;
				CLANG_CXX_LANGUAGE_STANDARD = "gnu++14";
				CLANG_ENABLE_MODULES = YES;
				CLANG_ENABLE_OBJC_WEAK = YES;
				CLANG_WARN_DOCUMENTATION_COMMENTS = YES;
				CLANG_WARN_UNGUARDED_AVAILABILITY = YES_AGGRESSIVE;
				CODE_SIGN_STYLE = Automatic;
				CURRENT_PROJECT_VERSION = 1;
				DEFINES_MODULE = YES;
				DEVELOPMENT_TEAM = RJF3498JFC;
				DYLIB_COMPATIBILITY_VERSION = 1;
				DYLIB_CURRENT_VERSION = 1;
				DYLIB_INSTALL_NAME_BASE = "@rpath";
				FRAMEWORK_SEARCH_PATHS = (
					"$(inherited)",
					"$(PROJECT_DIR)/../Carthage/Build/iOS",
				);
				GCC_C_LANGUAGE_STANDARD = gnu11;
				INFOPLIST_FILE = "$(SRCROOT)/../PrivacyPhoto/Info.plist";
				INSTALL_PATH = "$(LOCAL_LIBRARY_DIR)/Frameworks";
				IPHONEOS_DEPLOYMENT_TARGET = 9.0;
				LD_RUNPATH_SEARCH_PATHS = (
					"$(inherited)",
					"@executable_path/Frameworks",
					"@loader_path/Frameworks",
				);
				MARKETING_VERSION = 5.0.4;
				MTL_ENABLE_DEBUG_INFO = INCLUDE_SOURCE;
				MTL_FAST_MATH = YES;
				PRODUCT_BUNDLE_IDENTIFIER = com.datayp.PrivacyPhoto;
				PRODUCT_NAME = "$(TARGET_NAME:c99extidentifier)";
				SKIP_INSTALL = YES;
				SWIFT_ACTIVE_COMPILATION_CONDITIONS = DEBUG;
				SWIFT_OPTIMIZATION_LEVEL = "-Onone";
				SWIFT_VERSION = 5.0;
				TARGETED_DEVICE_FAMILY = "1,2";
				VERSIONING_SYSTEM = "apple-generic";
				VERSION_INFO_PREFIX = "";
			};
			name = Debug;
		};
		353AB462238131550054EEB8 /* Release */ = {
			isa = XCBuildConfiguration;
			buildSettings = {
				CLANG_ANALYZER_NUMBER_OBJECT_CONVERSION = YES_AGGRESSIVE;
				CLANG_CXX_LANGUAGE_STANDARD = "gnu++14";
				CLANG_ENABLE_MODULES = YES;
				CLANG_ENABLE_OBJC_WEAK = YES;
				CLANG_WARN_DOCUMENTATION_COMMENTS = YES;
				CLANG_WARN_UNGUARDED_AVAILABILITY = YES_AGGRESSIVE;
				CODE_SIGN_STYLE = Automatic;
				CURRENT_PROJECT_VERSION = 1;
				DEFINES_MODULE = YES;
				DEVELOPMENT_TEAM = RJF3498JFC;
				DYLIB_COMPATIBILITY_VERSION = 1;
				DYLIB_CURRENT_VERSION = 1;
				DYLIB_INSTALL_NAME_BASE = "@rpath";
				FRAMEWORK_SEARCH_PATHS = (
					"$(inherited)",
					"$(PROJECT_DIR)/../Carthage/Build/iOS",
				);
				GCC_C_LANGUAGE_STANDARD = gnu11;
				INFOPLIST_FILE = "$(SRCROOT)/../PrivacyPhoto/Info.plist";
				INSTALL_PATH = "$(LOCAL_LIBRARY_DIR)/Frameworks";
				IPHONEOS_DEPLOYMENT_TARGET = 9.0;
				LD_RUNPATH_SEARCH_PATHS = (
					"$(inherited)",
					"@executable_path/Frameworks",
					"@loader_path/Frameworks",
				);
				MARKETING_VERSION = 5.0.4;
				MTL_FAST_MATH = YES;
				PRODUCT_BUNDLE_IDENTIFIER = com.datayp.PrivacyPhoto;
				PRODUCT_NAME = "$(TARGET_NAME:c99extidentifier)";
				SKIP_INSTALL = YES;
				SWIFT_VERSION = 5.0;
				TARGETED_DEVICE_FAMILY = "1,2";
				VERSIONING_SYSTEM = "apple-generic";
				VERSION_INFO_PREFIX = "";
			};
			name = Release;
		};
		35DF66982387C9890066325E /* Debug */ = {
			isa = XCBuildConfiguration;
			buildSettings = {
				CLANG_ANALYZER_NUMBER_OBJECT_CONVERSION = YES_AGGRESSIVE;
				CLANG_CXX_LANGUAGE_STANDARD = "gnu++14";
				CLANG_ENABLE_MODULES = YES;
				CLANG_ENABLE_OBJC_WEAK = YES;
				CLANG_WARN_DOCUMENTATION_COMMENTS = YES;
				CLANG_WARN_UNGUARDED_AVAILABILITY = YES_AGGRESSIVE;
				CODE_SIGN_STYLE = Automatic;
				CURRENT_PROJECT_VERSION = 1;
				DEFINES_MODULE = YES;
				DEVELOPMENT_TEAM = RJF3498JFC;
				DYLIB_COMPATIBILITY_VERSION = 1;
				DYLIB_CURRENT_VERSION = 1;
				DYLIB_INSTALL_NAME_BASE = "@rpath";
				FRAMEWORK_SEARCH_PATHS = (
					"$(inherited)",
					"$(PROJECT_DIR)/../Carthage/Build/iOS",
				);
				GCC_C_LANGUAGE_STANDARD = gnu11;
				INFOPLIST_FILE = "$(SRCROOT)/../PrivacySpeech/Info.plist";
				INSTALL_PATH = "$(LOCAL_LIBRARY_DIR)/Frameworks";
				IPHONEOS_DEPLOYMENT_TARGET = 10.0;
				LD_RUNPATH_SEARCH_PATHS = (
					"$(inherited)",
					"@executable_path/Frameworks",
					"@loader_path/Frameworks",
				);
				MARKETING_VERSION = 5.0.4;
				MTL_ENABLE_DEBUG_INFO = INCLUDE_SOURCE;
				MTL_FAST_MATH = YES;
				PRODUCT_BUNDLE_IDENTIFIER = com.datayp.PrivacySpeech;
				PRODUCT_NAME = "$(TARGET_NAME:c99extidentifier)";
				SKIP_INSTALL = YES;
				SWIFT_ACTIVE_COMPILATION_CONDITIONS = DEBUG;
				SWIFT_OPTIMIZATION_LEVEL = "-Onone";
				SWIFT_VERSION = 5.0;
				TARGETED_DEVICE_FAMILY = "1,2";
				VERSIONING_SYSTEM = "apple-generic";
				VERSION_INFO_PREFIX = "";
			};
			name = Debug;
		};
		35DF66992387C9890066325E /* Release */ = {
			isa = XCBuildConfiguration;
			buildSettings = {
				CLANG_ANALYZER_NUMBER_OBJECT_CONVERSION = YES_AGGRESSIVE;
				CLANG_CXX_LANGUAGE_STANDARD = "gnu++14";
				CLANG_ENABLE_MODULES = YES;
				CLANG_ENABLE_OBJC_WEAK = YES;
				CLANG_WARN_DOCUMENTATION_COMMENTS = YES;
				CLANG_WARN_UNGUARDED_AVAILABILITY = YES_AGGRESSIVE;
				CODE_SIGN_STYLE = Automatic;
				CURRENT_PROJECT_VERSION = 1;
				DEFINES_MODULE = YES;
				DEVELOPMENT_TEAM = RJF3498JFC;
				DYLIB_COMPATIBILITY_VERSION = 1;
				DYLIB_CURRENT_VERSION = 1;
				DYLIB_INSTALL_NAME_BASE = "@rpath";
				FRAMEWORK_SEARCH_PATHS = (
					"$(inherited)",
					"$(PROJECT_DIR)/../Carthage/Build/iOS",
				);
				GCC_C_LANGUAGE_STANDARD = gnu11;
				INFOPLIST_FILE = "$(SRCROOT)/../PrivacySpeech/Info.plist";
				INSTALL_PATH = "$(LOCAL_LIBRARY_DIR)/Frameworks";
				IPHONEOS_DEPLOYMENT_TARGET = 10.0;
				LD_RUNPATH_SEARCH_PATHS = (
					"$(inherited)",
					"@executable_path/Frameworks",
					"@loader_path/Frameworks",
				);
				MARKETING_VERSION = 5.0.4;
				MTL_FAST_MATH = YES;
				PRODUCT_BUNDLE_IDENTIFIER = com.datayp.PrivacySpeech;
				PRODUCT_NAME = "$(TARGET_NAME:c99extidentifier)";
				SKIP_INSTALL = YES;
				SWIFT_VERSION = 5.0;
				TARGETED_DEVICE_FAMILY = "1,2";
				VERSIONING_SYSTEM = "apple-generic";
				VERSION_INFO_PREFIX = "";
			};
			name = Release;
		};
		35FA255523801D2800854685 /* Debug */ = {
			isa = XCBuildConfiguration;
			buildSettings = {
				CLANG_ANALYZER_NUMBER_OBJECT_CONVERSION = YES_AGGRESSIVE;
				CLANG_CXX_LANGUAGE_STANDARD = "gnu++14";
				CLANG_ENABLE_OBJC_WEAK = YES;
				CLANG_WARN_DOCUMENTATION_COMMENTS = YES;
				CLANG_WARN_UNGUARDED_AVAILABILITY = YES_AGGRESSIVE;
				CODE_SIGN_STYLE = Automatic;
				CURRENT_PROJECT_VERSION = 1;
				DEFINES_MODULE = YES;
				DEVELOPMENT_TEAM = RJF3498JFC;
				DYLIB_COMPATIBILITY_VERSION = 1;
				DYLIB_CURRENT_VERSION = 1;
				DYLIB_INSTALL_NAME_BASE = "@rpath";
				FRAMEWORK_SEARCH_PATHS = (
					"$(inherited)",
					"$(PROJECT_DIR)/../Carthage/Build/iOS",
				);
				GCC_C_LANGUAGE_STANDARD = gnu11;
				INFOPLIST_FILE = "$(SRCROOT)/../PrivacyCamera/Info.plist";
				INSTALL_PATH = "$(LOCAL_LIBRARY_DIR)/Frameworks";
				IPHONEOS_DEPLOYMENT_TARGET = 9.0;
				LD_RUNPATH_SEARCH_PATHS = (
					"$(inherited)",
					"@executable_path/Frameworks",
					"@loader_path/Frameworks",
				);
				MARKETING_VERSION = 5.0.4;
				MTL_ENABLE_DEBUG_INFO = INCLUDE_SOURCE;
				MTL_FAST_MATH = YES;
				PRODUCT_BUNDLE_IDENTIFIER = com.datayp.PrivacyCamera;
				PRODUCT_NAME = "$(TARGET_NAME:c99extidentifier)";
				SKIP_INSTALL = YES;
				SUPPORTS_MACCATALYST = YES;
				SWIFT_ACTIVE_COMPILATION_CONDITIONS = DEBUG;
				SWIFT_VERSION = 5.0;
				TARGETED_DEVICE_FAMILY = "1,2";
				VERSIONING_SYSTEM = "apple-generic";
				VERSION_INFO_PREFIX = "";
			};
			name = Debug;
		};
		35FA255623801D2800854685 /* Release */ = {
			isa = XCBuildConfiguration;
			buildSettings = {
				CLANG_ANALYZER_NUMBER_OBJECT_CONVERSION = YES_AGGRESSIVE;
				CLANG_CXX_LANGUAGE_STANDARD = "gnu++14";
				CLANG_ENABLE_OBJC_WEAK = YES;
				CLANG_WARN_DOCUMENTATION_COMMENTS = YES;
				CLANG_WARN_UNGUARDED_AVAILABILITY = YES_AGGRESSIVE;
				CODE_SIGN_STYLE = Automatic;
				CURRENT_PROJECT_VERSION = 1;
				DEFINES_MODULE = YES;
				DEVELOPMENT_TEAM = RJF3498JFC;
				DYLIB_COMPATIBILITY_VERSION = 1;
				DYLIB_CURRENT_VERSION = 1;
				DYLIB_INSTALL_NAME_BASE = "@rpath";
				FRAMEWORK_SEARCH_PATHS = (
					"$(inherited)",
					"$(PROJECT_DIR)/../Carthage/Build/iOS",
				);
				GCC_C_LANGUAGE_STANDARD = gnu11;
				INFOPLIST_FILE = "$(SRCROOT)/../PrivacyCamera/Info.plist";
				INSTALL_PATH = "$(LOCAL_LIBRARY_DIR)/Frameworks";
				IPHONEOS_DEPLOYMENT_TARGET = 9.0;
				LD_RUNPATH_SEARCH_PATHS = (
					"$(inherited)",
					"@executable_path/Frameworks",
					"@loader_path/Frameworks",
				);
				MARKETING_VERSION = 5.0.4;
				MTL_FAST_MATH = YES;
				PRODUCT_BUNDLE_IDENTIFIER = com.datayp.PrivacyCamera;
				PRODUCT_NAME = "$(TARGET_NAME:c99extidentifier)";
				SKIP_INSTALL = YES;
				SUPPORTS_MACCATALYST = YES;
				SWIFT_VERSION = 5.0;
				TARGETED_DEVICE_FAMILY = "1,2";
				VERSIONING_SYSTEM = "apple-generic";
				VERSION_INFO_PREFIX = "";
			};
			name = Release;
		};
		35FA256623801D4300854685 /* Debug */ = {
			isa = XCBuildConfiguration;
			buildSettings = {
				CLANG_ANALYZER_NUMBER_OBJECT_CONVERSION = YES_AGGRESSIVE;
				CLANG_CXX_LANGUAGE_STANDARD = "gnu++14";
				CLANG_ENABLE_OBJC_WEAK = YES;
				CLANG_WARN_DOCUMENTATION_COMMENTS = YES;
				CLANG_WARN_UNGUARDED_AVAILABILITY = YES_AGGRESSIVE;
				CODE_SIGN_STYLE = Automatic;
				CURRENT_PROJECT_VERSION = 1;
				DEFINES_MODULE = YES;
				DEVELOPMENT_TEAM = RJF3498JFC;
				DYLIB_COMPATIBILITY_VERSION = 1;
				DYLIB_CURRENT_VERSION = 1;
				DYLIB_INSTALL_NAME_BASE = "@rpath";
				FRAMEWORK_SEARCH_PATHS = (
					"$(inherited)",
					"$(PROJECT_DIR)/../Carthage/Build/iOS",
				);
				GCC_C_LANGUAGE_STANDARD = gnu11;
				INFOPLIST_FILE = "$(SRCROOT)/../PrivacyLocation/Info.plist";
				INSTALL_PATH = "$(LOCAL_LIBRARY_DIR)/Frameworks";
				IPHONEOS_DEPLOYMENT_TARGET = 9.0;
				LD_RUNPATH_SEARCH_PATHS = (
					"$(inherited)",
					"@executable_path/Frameworks",
					"@loader_path/Frameworks",
				);
				MARKETING_VERSION = 5.0.4;
				MTL_ENABLE_DEBUG_INFO = INCLUDE_SOURCE;
				MTL_FAST_MATH = YES;
				PRODUCT_BUNDLE_IDENTIFIER = com.datayp.PrivacyLocation;
				PRODUCT_NAME = "$(TARGET_NAME:c99extidentifier)";
				SKIP_INSTALL = YES;
				SUPPORTS_MACCATALYST = YES;
				SWIFT_ACTIVE_COMPILATION_CONDITIONS = DEBUG;
				SWIFT_VERSION = 5.0;
				TARGETED_DEVICE_FAMILY = "1,2";
				VERSIONING_SYSTEM = "apple-generic";
				VERSION_INFO_PREFIX = "";
			};
			name = Debug;
		};
		35FA256723801D4300854685 /* Release */ = {
			isa = XCBuildConfiguration;
			buildSettings = {
				CLANG_ANALYZER_NUMBER_OBJECT_CONVERSION = YES_AGGRESSIVE;
				CLANG_CXX_LANGUAGE_STANDARD = "gnu++14";
				CLANG_ENABLE_OBJC_WEAK = YES;
				CLANG_WARN_DOCUMENTATION_COMMENTS = YES;
				CLANG_WARN_UNGUARDED_AVAILABILITY = YES_AGGRESSIVE;
				CODE_SIGN_STYLE = Automatic;
				CURRENT_PROJECT_VERSION = 1;
				DEFINES_MODULE = YES;
				DEVELOPMENT_TEAM = RJF3498JFC;
				DYLIB_COMPATIBILITY_VERSION = 1;
				DYLIB_CURRENT_VERSION = 1;
				DYLIB_INSTALL_NAME_BASE = "@rpath";
				FRAMEWORK_SEARCH_PATHS = (
					"$(inherited)",
					"$(PROJECT_DIR)/../Carthage/Build/iOS",
				);
				GCC_C_LANGUAGE_STANDARD = gnu11;
				INFOPLIST_FILE = "$(SRCROOT)/../PrivacyLocation/Info.plist";
				INSTALL_PATH = "$(LOCAL_LIBRARY_DIR)/Frameworks";
				IPHONEOS_DEPLOYMENT_TARGET = 9.0;
				LD_RUNPATH_SEARCH_PATHS = (
					"$(inherited)",
					"@executable_path/Frameworks",
					"@loader_path/Frameworks",
				);
				MARKETING_VERSION = 5.0.4;
				MTL_FAST_MATH = YES;
				PRODUCT_BUNDLE_IDENTIFIER = com.datayp.PrivacyLocation;
				PRODUCT_NAME = "$(TARGET_NAME:c99extidentifier)";
				SKIP_INSTALL = YES;
				SUPPORTS_MACCATALYST = YES;
				SWIFT_VERSION = 5.0;
				TARGETED_DEVICE_FAMILY = "1,2";
				VERSIONING_SYSTEM = "apple-generic";
				VERSION_INFO_PREFIX = "";
			};
			name = Release;
		};
		35FA257723801D7A00854685 /* Debug */ = {
			isa = XCBuildConfiguration;
			buildSettings = {
				CLANG_ANALYZER_NUMBER_OBJECT_CONVERSION = YES_AGGRESSIVE;
				CLANG_CXX_LANGUAGE_STANDARD = "gnu++14";
				CLANG_ENABLE_OBJC_WEAK = YES;
				CLANG_WARN_DOCUMENTATION_COMMENTS = YES;
				CLANG_WARN_UNGUARDED_AVAILABILITY = YES_AGGRESSIVE;
				CODE_SIGN_STYLE = Automatic;
				CURRENT_PROJECT_VERSION = 1;
				DEFINES_MODULE = YES;
				DEVELOPMENT_TEAM = RJF3498JFC;
				DYLIB_COMPATIBILITY_VERSION = 1;
				DYLIB_CURRENT_VERSION = 1;
				DYLIB_INSTALL_NAME_BASE = "@rpath";
				FRAMEWORK_SEARCH_PATHS = (
					"$(inherited)",
					"$(PROJECT_DIR)/../Carthage/Build/iOS",
				);
				GCC_C_LANGUAGE_STANDARD = gnu11;
				INFOPLIST_FILE = "$(SRCROOT)/../PrivacyMicrophone/Info.plist";
				INSTALL_PATH = "$(LOCAL_LIBRARY_DIR)/Frameworks";
				IPHONEOS_DEPLOYMENT_TARGET = 9.0;
				LD_RUNPATH_SEARCH_PATHS = (
					"$(inherited)",
					"@executable_path/Frameworks",
					"@loader_path/Frameworks",
				);
				MARKETING_VERSION = 5.0.4;
				MTL_ENABLE_DEBUG_INFO = INCLUDE_SOURCE;
				MTL_FAST_MATH = YES;
				PRODUCT_BUNDLE_IDENTIFIER = com.datayp.PrivacyMicrophone;
				PRODUCT_NAME = "$(TARGET_NAME:c99extidentifier)";
				SKIP_INSTALL = YES;
				SWIFT_ACTIVE_COMPILATION_CONDITIONS = DEBUG;
				SWIFT_VERSION = 5.0;
				TARGETED_DEVICE_FAMILY = "1,2";
				VERSIONING_SYSTEM = "apple-generic";
				VERSION_INFO_PREFIX = "";
			};
			name = Debug;
		};
		35FA257823801D7A00854685 /* Release */ = {
			isa = XCBuildConfiguration;
			buildSettings = {
				CLANG_ANALYZER_NUMBER_OBJECT_CONVERSION = YES_AGGRESSIVE;
				CLANG_CXX_LANGUAGE_STANDARD = "gnu++14";
				CLANG_ENABLE_OBJC_WEAK = YES;
				CLANG_WARN_DOCUMENTATION_COMMENTS = YES;
				CLANG_WARN_UNGUARDED_AVAILABILITY = YES_AGGRESSIVE;
				CODE_SIGN_STYLE = Automatic;
				CURRENT_PROJECT_VERSION = 1;
				DEFINES_MODULE = YES;
				DEVELOPMENT_TEAM = RJF3498JFC;
				DYLIB_COMPATIBILITY_VERSION = 1;
				DYLIB_CURRENT_VERSION = 1;
				DYLIB_INSTALL_NAME_BASE = "@rpath";
				FRAMEWORK_SEARCH_PATHS = (
					"$(inherited)",
					"$(PROJECT_DIR)/../Carthage/Build/iOS",
				);
				GCC_C_LANGUAGE_STANDARD = gnu11;
				INFOPLIST_FILE = "$(SRCROOT)/../PrivacyMicrophone/Info.plist";
				INSTALL_PATH = "$(LOCAL_LIBRARY_DIR)/Frameworks";
				IPHONEOS_DEPLOYMENT_TARGET = 9.0;
				LD_RUNPATH_SEARCH_PATHS = (
					"$(inherited)",
					"@executable_path/Frameworks",
					"@loader_path/Frameworks",
				);
				MARKETING_VERSION = 5.0.4;
				MTL_FAST_MATH = YES;
				PRODUCT_BUNDLE_IDENTIFIER = com.datayp.PrivacyMicrophone;
				PRODUCT_NAME = "$(TARGET_NAME:c99extidentifier)";
				SKIP_INSTALL = YES;
				SWIFT_VERSION = 5.0;
				TARGETED_DEVICE_FAMILY = "1,2";
				VERSIONING_SYSTEM = "apple-generic";
				VERSION_INFO_PREFIX = "";
			};
			name = Release;
		};
		35FA258823801D9C00854685 /* Debug */ = {
			isa = XCBuildConfiguration;
			buildSettings = {
				CLANG_ANALYZER_NUMBER_OBJECT_CONVERSION = YES_AGGRESSIVE;
				CLANG_CXX_LANGUAGE_STANDARD = "gnu++14";
				CLANG_ENABLE_OBJC_WEAK = YES;
				CLANG_WARN_DOCUMENTATION_COMMENTS = YES;
				CLANG_WARN_UNGUARDED_AVAILABILITY = YES_AGGRESSIVE;
				CODE_SIGN_STYLE = Automatic;
				CURRENT_PROJECT_VERSION = 1;
				DEFINES_MODULE = YES;
				DEVELOPMENT_TEAM = RJF3498JFC;
				DYLIB_COMPATIBILITY_VERSION = 1;
				DYLIB_CURRENT_VERSION = 1;
				DYLIB_INSTALL_NAME_BASE = "@rpath";
				FRAMEWORK_SEARCH_PATHS = (
					"$(inherited)",
					"$(PROJECT_DIR)/../Carthage/Build/iOS",
				);
				GCC_C_LANGUAGE_STANDARD = gnu11;
				INFOPLIST_FILE = "$(SRCROOT)/../PrivacyContact/Info.plist";
				INSTALL_PATH = "$(LOCAL_LIBRARY_DIR)/Frameworks";
				IPHONEOS_DEPLOYMENT_TARGET = 9.0;
				LD_RUNPATH_SEARCH_PATHS = (
					"$(inherited)",
					"@executable_path/Frameworks",
					"@loader_path/Frameworks",
				);
				MARKETING_VERSION = 5.0.4;
				MTL_ENABLE_DEBUG_INFO = INCLUDE_SOURCE;
				MTL_FAST_MATH = YES;
				PRODUCT_BUNDLE_IDENTIFIER = com.datayp.PrivacyContact;
				PRODUCT_NAME = "$(TARGET_NAME:c99extidentifier)";
				SKIP_INSTALL = YES;
				SWIFT_ACTIVE_COMPILATION_CONDITIONS = DEBUG;
				SWIFT_VERSION = 5.0;
				TARGETED_DEVICE_FAMILY = "1,2";
				VERSIONING_SYSTEM = "apple-generic";
				VERSION_INFO_PREFIX = "";
			};
			name = Debug;
		};
		35FA258923801D9C00854685 /* Release */ = {
			isa = XCBuildConfiguration;
			buildSettings = {
				CLANG_ANALYZER_NUMBER_OBJECT_CONVERSION = YES_AGGRESSIVE;
				CLANG_CXX_LANGUAGE_STANDARD = "gnu++14";
				CLANG_ENABLE_OBJC_WEAK = YES;
				CLANG_WARN_DOCUMENTATION_COMMENTS = YES;
				CLANG_WARN_UNGUARDED_AVAILABILITY = YES_AGGRESSIVE;
				CODE_SIGN_STYLE = Automatic;
				CURRENT_PROJECT_VERSION = 1;
				DEFINES_MODULE = YES;
				DEVELOPMENT_TEAM = RJF3498JFC;
				DYLIB_COMPATIBILITY_VERSION = 1;
				DYLIB_CURRENT_VERSION = 1;
				DYLIB_INSTALL_NAME_BASE = "@rpath";
				FRAMEWORK_SEARCH_PATHS = (
					"$(inherited)",
					"$(PROJECT_DIR)/../Carthage/Build/iOS",
				);
				GCC_C_LANGUAGE_STANDARD = gnu11;
				INFOPLIST_FILE = "$(SRCROOT)/../PrivacyContact/Info.plist";
				INSTALL_PATH = "$(LOCAL_LIBRARY_DIR)/Frameworks";
				IPHONEOS_DEPLOYMENT_TARGET = 9.0;
				LD_RUNPATH_SEARCH_PATHS = (
					"$(inherited)",
					"@executable_path/Frameworks",
					"@loader_path/Frameworks",
				);
				MARKETING_VERSION = 5.0.4;
				MTL_FAST_MATH = YES;
				PRODUCT_BUNDLE_IDENTIFIER = com.datayp.PrivacyContact;
				PRODUCT_NAME = "$(TARGET_NAME:c99extidentifier)";
				SKIP_INSTALL = YES;
				SWIFT_VERSION = 5.0;
				TARGETED_DEVICE_FAMILY = "1,2";
				VERSIONING_SYSTEM = "apple-generic";
				VERSION_INFO_PREFIX = "";
			};
			name = Release;
		};
		DB85E2711E9F227100AFAFE3 /* Debug */ = {
			isa = XCBuildConfiguration;
			buildSettings = {
				ALWAYS_SEARCH_USER_PATHS = NO;
				CLANG_ANALYZER_NONNULL = YES;
				CLANG_CXX_LANGUAGE_STANDARD = "gnu++0x";
				CLANG_CXX_LIBRARY = "libc++";
				CLANG_ENABLE_MODULES = YES;
				CLANG_ENABLE_OBJC_ARC = YES;
				CLANG_WARN_BLOCK_CAPTURE_AUTORELEASING = YES;
				CLANG_WARN_BOOL_CONVERSION = YES;
				CLANG_WARN_COMMA = YES;
				CLANG_WARN_CONSTANT_CONVERSION = YES;
				CLANG_WARN_DEPRECATED_OBJC_IMPLEMENTATIONS = YES;
				CLANG_WARN_DIRECT_OBJC_ISA_USAGE = YES_ERROR;
				CLANG_WARN_EMPTY_BODY = YES;
				CLANG_WARN_ENUM_CONVERSION = YES;
				CLANG_WARN_INFINITE_RECURSION = YES;
				CLANG_WARN_INT_CONVERSION = YES;
				CLANG_WARN_NON_LITERAL_NULL_CONVERSION = YES;
				CLANG_WARN_OBJC_IMPLICIT_RETAIN_SELF = YES;
				CLANG_WARN_OBJC_LITERAL_CONVERSION = YES;
				CLANG_WARN_OBJC_ROOT_CLASS = YES_ERROR;
				CLANG_WARN_RANGE_LOOP_ANALYSIS = YES;
				CLANG_WARN_STRICT_PROTOTYPES = YES;
				CLANG_WARN_SUSPICIOUS_MOVE = YES;
				CLANG_WARN_UNREACHABLE_CODE = YES;
				CLANG_WARN__DUPLICATE_METHOD_MATCH = YES;
				"CODE_SIGN_IDENTITY[sdk=iphoneos*]" = "iPhone Developer";
				COPY_PHASE_STRIP = NO;
				DEBUG_INFORMATION_FORMAT = dwarf;
				ENABLE_STRICT_OBJC_MSGSEND = YES;
				ENABLE_TESTABILITY = YES;
				GCC_C_LANGUAGE_STANDARD = gnu99;
				GCC_DYNAMIC_NO_PIC = NO;
				GCC_NO_COMMON_BLOCKS = YES;
				GCC_OPTIMIZATION_LEVEL = 0;
				GCC_PREPROCESSOR_DEFINITIONS = (
					"DEBUG=1",
					"$(inherited)",
				);
				GCC_WARN_64_TO_32_BIT_CONVERSION = YES;
				GCC_WARN_ABOUT_RETURN_TYPE = YES_ERROR;
				GCC_WARN_UNDECLARED_SELECTOR = YES;
				GCC_WARN_UNINITIALIZED_AUTOS = YES_AGGRESSIVE;
				GCC_WARN_UNUSED_FUNCTION = YES;
				GCC_WARN_UNUSED_VARIABLE = YES;
				IPHONEOS_DEPLOYMENT_TARGET = 9.3;
				MTL_ENABLE_DEBUG_INFO = YES;
				ONLY_ACTIVE_ARCH = YES;
				SDKROOT = iphoneos;
				SWIFT_OPTIMIZATION_LEVEL = "-Onone";
			};
			name = Debug;
		};
		DB85E2721E9F227100AFAFE3 /* Release */ = {
			isa = XCBuildConfiguration;
			buildSettings = {
				ALWAYS_SEARCH_USER_PATHS = NO;
				CLANG_ANALYZER_NONNULL = YES;
				CLANG_CXX_LANGUAGE_STANDARD = "gnu++0x";
				CLANG_CXX_LIBRARY = "libc++";
				CLANG_ENABLE_MODULES = YES;
				CLANG_ENABLE_OBJC_ARC = YES;
				CLANG_WARN_BLOCK_CAPTURE_AUTORELEASING = YES;
				CLANG_WARN_BOOL_CONVERSION = YES;
				CLANG_WARN_COMMA = YES;
				CLANG_WARN_CONSTANT_CONVERSION = YES;
				CLANG_WARN_DEPRECATED_OBJC_IMPLEMENTATIONS = YES;
				CLANG_WARN_DIRECT_OBJC_ISA_USAGE = YES_ERROR;
				CLANG_WARN_EMPTY_BODY = YES;
				CLANG_WARN_ENUM_CONVERSION = YES;
				CLANG_WARN_INFINITE_RECURSION = YES;
				CLANG_WARN_INT_CONVERSION = YES;
				CLANG_WARN_NON_LITERAL_NULL_CONVERSION = YES;
				CLANG_WARN_OBJC_IMPLICIT_RETAIN_SELF = YES;
				CLANG_WARN_OBJC_LITERAL_CONVERSION = YES;
				CLANG_WARN_OBJC_ROOT_CLASS = YES_ERROR;
				CLANG_WARN_RANGE_LOOP_ANALYSIS = YES;
				CLANG_WARN_STRICT_PROTOTYPES = YES;
				CLANG_WARN_SUSPICIOUS_MOVE = YES;
				CLANG_WARN_UNREACHABLE_CODE = YES;
				CLANG_WARN__DUPLICATE_METHOD_MATCH = YES;
				"CODE_SIGN_IDENTITY[sdk=iphoneos*]" = "iPhone Developer";
				COPY_PHASE_STRIP = NO;
				DEBUG_INFORMATION_FORMAT = "dwarf-with-dsym";
				ENABLE_NS_ASSERTIONS = NO;
				ENABLE_STRICT_OBJC_MSGSEND = YES;
				GCC_C_LANGUAGE_STANDARD = gnu99;
				GCC_NO_COMMON_BLOCKS = YES;
				GCC_WARN_64_TO_32_BIT_CONVERSION = YES;
				GCC_WARN_ABOUT_RETURN_TYPE = YES_ERROR;
				GCC_WARN_UNDECLARED_SELECTOR = YES;
				GCC_WARN_UNINITIALIZED_AUTOS = YES_AGGRESSIVE;
				GCC_WARN_UNUSED_FUNCTION = YES;
				GCC_WARN_UNUSED_VARIABLE = YES;
				IPHONEOS_DEPLOYMENT_TARGET = 9.3;
				MTL_ENABLE_DEBUG_INFO = NO;
				SDKROOT = iphoneos;
				SWIFT_COMPILATION_MODE = wholemodule;
				SWIFT_OPTIMIZATION_LEVEL = "-O";
				VALIDATE_PRODUCT = YES;
			};
			name = Release;
		};
		DB85E2741E9F227100AFAFE3 /* Debug */ = {
			isa = XCBuildConfiguration;
			buildSettings = {
				ALWAYS_EMBED_SWIFT_STANDARD_LIBRARIES = YES;
				ASSETCATALOG_COMPILER_APPICON_NAME = AppIcon;
				DEVELOPMENT_TEAM = RJF3498JFC;
				FRAMEWORK_SEARCH_PATHS = (
					"$(inherited)",
					"$(PROJECT_DIR)/../Carthage/Build/iOS",
				);
				HEADER_SEARCH_PATHS = "";
				INFOPLIST_FILE = PrivacyManagerDemo/Info.plist;
				IPHONEOS_DEPLOYMENT_TARGET = 10.0;
				LD_RUNPATH_SEARCH_PATHS = (
					"$(inherited)",
					"@executable_path/Frameworks",
				);
				PRODUCT_BUNDLE_IDENTIFIER = com.datayp.PrivacyManagerDemo;
				PRODUCT_NAME = "$(TARGET_NAME)";
				SWIFT_VERSION = 5.0;
				TARGETED_DEVICE_FAMILY = 1;
			};
			name = Debug;
		};
		DB85E2751E9F227100AFAFE3 /* Release */ = {
			isa = XCBuildConfiguration;
			buildSettings = {
				ALWAYS_EMBED_SWIFT_STANDARD_LIBRARIES = YES;
				ASSETCATALOG_COMPILER_APPICON_NAME = AppIcon;
				DEVELOPMENT_TEAM = RJF3498JFC;
				FRAMEWORK_SEARCH_PATHS = (
					"$(inherited)",
					"$(PROJECT_DIR)/../Carthage/Build/iOS",
				);
				HEADER_SEARCH_PATHS = "";
				INFOPLIST_FILE = PrivacyManagerDemo/Info.plist;
				IPHONEOS_DEPLOYMENT_TARGET = 10.0;
				LD_RUNPATH_SEARCH_PATHS = (
					"$(inherited)",
					"@executable_path/Frameworks",
				);
				PRODUCT_BUNDLE_IDENTIFIER = com.datayp.PrivacyManagerDemo;
				PRODUCT_NAME = "$(TARGET_NAME)";
				SWIFT_VERSION = 5.0;
				TARGETED_DEVICE_FAMILY = 1;
			};
			name = Release;
		};
		DB85E2851E9F228500AFAFE3 /* Debug */ = {
			isa = XCBuildConfiguration;
			buildSettings = {
				CLANG_ENABLE_MODULES = YES;
				"CODE_SIGN_IDENTITY[sdk=iphoneos*]" = "";
				CURRENT_PROJECT_VERSION = 1;
				DEFINES_MODULE = YES;
				DERIVE_MACCATALYST_PRODUCT_BUNDLE_IDENTIFIER = NO;
				DYLIB_COMPATIBILITY_VERSION = 1;
				DYLIB_CURRENT_VERSION = 1;
				DYLIB_INSTALL_NAME_BASE = "@rpath";
				FRAMEWORK_SEARCH_PATHS = (
					"$(inherited)",
					"$(PROJECT_DIR)/../Carthage/Build/iOS",
				);
				INFOPLIST_FILE = "$(SRCROOT)/../PrivacyManager/Info.plist";
				INSTALL_PATH = "$(LOCAL_LIBRARY_DIR)/Frameworks";
				IPHONEOS_DEPLOYMENT_TARGET = 9.0;
				LD_RUNPATH_SEARCH_PATHS = (
					"$(inherited)",
					"@executable_path/Frameworks",
					"@loader_path/Frameworks",
				);
				MARKETING_VERSION = 5.0.4;
				PRODUCT_BUNDLE_IDENTIFIER = com.datayp.PrivacyManager;
				PRODUCT_NAME = "$(TARGET_NAME)";
				SKIP_INSTALL = YES;
				SUPPORTS_MACCATALYST = NO;
				SWIFT_OPTIMIZATION_LEVEL = "-Onone";
				SWIFT_VERSION = 5.0;
				TARGETED_DEVICE_FAMILY = "1,2";
				VERSIONING_SYSTEM = "apple-generic";
				VERSION_INFO_PREFIX = "";
			};
			name = Debug;
		};
		DB85E2861E9F228500AFAFE3 /* Release */ = {
			isa = XCBuildConfiguration;
			buildSettings = {
				CLANG_ENABLE_MODULES = YES;
				"CODE_SIGN_IDENTITY[sdk=iphoneos*]" = "";
				CURRENT_PROJECT_VERSION = 1;
				DEFINES_MODULE = YES;
				DERIVE_MACCATALYST_PRODUCT_BUNDLE_IDENTIFIER = NO;
				DYLIB_COMPATIBILITY_VERSION = 1;
				DYLIB_CURRENT_VERSION = 1;
				DYLIB_INSTALL_NAME_BASE = "@rpath";
				FRAMEWORK_SEARCH_PATHS = (
					"$(inherited)",
					"$(PROJECT_DIR)/../Carthage/Build/iOS",
				);
				INFOPLIST_FILE = "$(SRCROOT)/../PrivacyManager/Info.plist";
				INSTALL_PATH = "$(LOCAL_LIBRARY_DIR)/Frameworks";
				IPHONEOS_DEPLOYMENT_TARGET = 9.0;
				LD_RUNPATH_SEARCH_PATHS = (
					"$(inherited)",
					"@executable_path/Frameworks",
					"@loader_path/Frameworks",
				);
				MARKETING_VERSION = 5.0.4;
				PRODUCT_BUNDLE_IDENTIFIER = com.datayp.PrivacyManager;
				PRODUCT_NAME = "$(TARGET_NAME)";
				SKIP_INSTALL = YES;
				SUPPORTS_MACCATALYST = NO;
				SWIFT_VERSION = 5.0;
				TARGETED_DEVICE_FAMILY = "1,2";
				VERSIONING_SYSTEM = "apple-generic";
				VERSION_INFO_PREFIX = "";
			};
			name = Release;
		};
/* End XCBuildConfiguration section */

/* Begin XCConfigurationList section */
		353AB460238131550054EEB8 /* Build configuration list for PBXNativeTarget "PrivacyPhoto" */ = {
			isa = XCConfigurationList;
			buildConfigurations = (
				353AB461238131550054EEB8 /* Debug */,
				353AB462238131550054EEB8 /* Release */,
			);
			defaultConfigurationIsVisible = 0;
			defaultConfigurationName = Release;
		};
		35DF669A2387C9890066325E /* Build configuration list for PBXNativeTarget "PrivacySpeech" */ = {
			isa = XCConfigurationList;
			buildConfigurations = (
				35DF66982387C9890066325E /* Debug */,
				35DF66992387C9890066325E /* Release */,
			);
			defaultConfigurationIsVisible = 0;
			defaultConfigurationName = Release;
		};
		35FA255423801D2800854685 /* Build configuration list for PBXNativeTarget "PrivacyCamera" */ = {
			isa = XCConfigurationList;
			buildConfigurations = (
				35FA255523801D2800854685 /* Debug */,
				35FA255623801D2800854685 /* Release */,
			);
			defaultConfigurationIsVisible = 0;
			defaultConfigurationName = Release;
		};
		35FA256523801D4300854685 /* Build configuration list for PBXNativeTarget "PrivacyLocation" */ = {
			isa = XCConfigurationList;
			buildConfigurations = (
				35FA256623801D4300854685 /* Debug */,
				35FA256723801D4300854685 /* Release */,
			);
			defaultConfigurationIsVisible = 0;
			defaultConfigurationName = Release;
		};
		35FA257623801D7A00854685 /* Build configuration list for PBXNativeTarget "PrivacyMicrophone" */ = {
			isa = XCConfigurationList;
			buildConfigurations = (
				35FA257723801D7A00854685 /* Debug */,
				35FA257823801D7A00854685 /* Release */,
			);
			defaultConfigurationIsVisible = 0;
			defaultConfigurationName = Release;
		};
		35FA258723801D9C00854685 /* Build configuration list for PBXNativeTarget "PrivacyContact" */ = {
			isa = XCConfigurationList;
			buildConfigurations = (
				35FA258823801D9C00854685 /* Debug */,
				35FA258923801D9C00854685 /* Release */,
			);
			defaultConfigurationIsVisible = 0;
			defaultConfigurationName = Release;
		};
		DB85E25C1E9F227100AFAFE3 /* Build configuration list for PBXProject "PrivacyManagerDemo" */ = {
			isa = XCConfigurationList;
			buildConfigurations = (
				DB85E2711E9F227100AFAFE3 /* Debug */,
				DB85E2721E9F227100AFAFE3 /* Release */,
			);
			defaultConfigurationIsVisible = 0;
			defaultConfigurationName = Release;
		};
		DB85E2731E9F227100AFAFE3 /* Build configuration list for PBXNativeTarget "PrivacyManagerDemo" */ = {
			isa = XCConfigurationList;
			buildConfigurations = (
				DB85E2741E9F227100AFAFE3 /* Debug */,
				DB85E2751E9F227100AFAFE3 /* Release */,
			);
			defaultConfigurationIsVisible = 0;
			defaultConfigurationName = Release;
		};
		DB85E2841E9F228500AFAFE3 /* Build configuration list for PBXNativeTarget "PrivacyManager" */ = {
			isa = XCConfigurationList;
			buildConfigurations = (
				DB85E2851E9F228500AFAFE3 /* Debug */,
				DB85E2861E9F228500AFAFE3 /* Release */,
			);
			defaultConfigurationIsVisible = 0;
			defaultConfigurationName = Release;
		};
/* End XCConfigurationList section */
	};
	rootObject = DB85E2591E9F227100AFAFE3 /* Project object */;
}
