{
  "object": {
    "pins": [
      {
        "package": "Bricking",
        "repositoryURL": "https://github.com/cp3hnu/Bricking.git",
        "state": {
          "branch": null,
          "revision": "5910c00b860f7dc2bcdfb5bb8f36836204a78718",
          "version": "4.1.3"
        }
      },
      {
        "package": "RxSwift",
        "repositoryURL": "https://github.com/ReactiveX/RxSwift.git",
        "state": {
          "branch": null,
          "revision": "7c17a6ccca06b5c107cfa4284e634562ddaf5951",
          "version": "6.2.0"
        }
      }
    ]
  },
  "version": 1
}
